// !$*UTF8*$!
{
	archiveVersion = 1;
	classes = {
	};
	objectVersion = 50;
	objects = {

/* Begin PBXBuildFile section */
		AC6091035A0BA751A9B8BE3A /* Pods_tempoComDeusApp.framework in Frameworks */ = {isa = PBXBuildFile; fileRef = E3FAD09670327E5964399A8C /* Pods_tempoComDeusApp.framework */; };
		AF10216B24F1577D0090CDC8 /* CalcCellDimensions.swift in Sources */ = {isa = PBXBuildFile; fileRef = AF10216A24F1577D0090CDC8 /* CalcCellDimensions.swift */; };
		AF1947C424EBF02200724B23 /* Livro.swift in Sources */ = {isa = PBXBuildFile; fileRef = AF1947C324EBF02200724B23 /* Livro.swift */; };
		AF1947C624EBF40D00724B23 /* Verso.swift in Sources */ = {isa = PBXBuildFile; fileRef = AF1947C524EBF40D00724B23 /* Verso.swift */; };
		AF1947CA24EBF91000724B23 /* HTTP.swift in Sources */ = {isa = PBXBuildFile; fileRef = AF1947C924EBF91000724B23 /* HTTP.swift */; };
		AF1947CF24EBFA3500724B23 /* URL.swift in Sources */ = {isa = PBXBuildFile; fileRef = AF1947CE24EBFA3500724B23 /* URL.swift */; };
		AF1947D524EC015100724B23 /* BibliaRepository.swift in Sources */ = {isa = PBXBuildFile; fileRef = AF1947D424EC015100724B23 /* BibliaRepository.swift */; };
		AF21B47224E5D25900D44D39 /* Nota.swift in Sources */ = {isa = PBXBuildFile; fileRef = AF21B47124E5D25900D44D39 /* Nota.swift */; };
		AF21B47424E5D2EB00D44D39 /* NotasCollectionViewCell.swift in Sources */ = {isa = PBXBuildFile; fileRef = AF21B47324E5D2EB00D44D39 /* NotasCollectionViewCell.swift */; };
		AF22DE6824FB3D99005FAB3C /* livros.json in Resources */ = {isa = PBXBuildFile; fileRef = AF22DE6724FB3D99005FAB3C /* livros.json */; };
		AF34F406250031DF00BFAB2D /* NotasCellDelegate.swift in Sources */ = {isa = PBXBuildFile; fileRef = AF34F405250031DF00BFAB2D /* NotasCellDelegate.swift */; };
		AF34F4082500322700BFAB2D /* CapitulosTableViewCellDelegate.swift in Sources */ = {isa = PBXBuildFile; fileRef = AF34F4072500322700BFAB2D /* CapitulosTableViewCellDelegate.swift */; };
		AF34F40A2500326700BFAB2D /* LivrosTableViewDelegate.swift in Sources */ = {isa = PBXBuildFile; fileRef = AF34F4092500326700BFAB2D /* LivrosTableViewDelegate.swift */; };
		AF34F40C2500328000BFAB2D /* NotaDelegate.swift in Sources */ = {isa = PBXBuildFile; fileRef = AF34F40B2500328000BFAB2D /* NotaDelegate.swift */; };
		AF34F40E250032AC00BFAB2D /* UpdateNotaDelegate.swift in Sources */ = {isa = PBXBuildFile; fileRef = AF34F40D250032AC00BFAB2D /* UpdateNotaDelegate.swift */; };
		AF34F410250032C700BFAB2D /* NovaNotaDelegate.swift in Sources */ = {isa = PBXBuildFile; fileRef = AF34F40F250032C700BFAB2D /* NovaNotaDelegate.swift */; };
		AF34F4122500331200BFAB2D /* UIView.swift in Sources */ = {isa = PBXBuildFile; fileRef = AF34F4112500331200BFAB2D /* UIView.swift */; };
		AF34F4142500334E00BFAB2D /* MyColors.swift in Sources */ = {isa = PBXBuildFile; fileRef = AF34F4132500334E00BFAB2D /* MyColors.swift */; };
		AF48267A24F43E1C00C44A46 /* CreateNotaTest.swift in Sources */ = {isa = PBXBuildFile; fileRef = AF48267924F43E1C00C44A46 /* CreateNotaTest.swift */; };
		AF48268024F4451500C44A46 /* CreateNewBibliaTest.swift in Sources */ = {isa = PBXBuildFile; fileRef = AF48267F24F4451500C44A46 /* CreateNewBibliaTest.swift */; };
		AF48268224F44B2000C44A46 /* CalcDateStringTest.swift in Sources */ = {isa = PBXBuildFile; fileRef = AF48268124F44B2000C44A46 /* CalcDateStringTest.swift */; };
		AF51DF8A24EDA6D4001C352D /* CapitulosTableViewCell.swift in Sources */ = {isa = PBXBuildFile; fileRef = AF51DF8924EDA6D4001C352D /* CapitulosTableViewCell.swift */; };
		AF51DF8C24EDB520001C352D /* LivrosData.swift in Sources */ = {isa = PBXBuildFile; fileRef = AF51DF8B24EDB520001C352D /* LivrosData.swift */; };
		AF51DF8E24EDC0B9001C352D /* LivrosTableViewSections.swift in Sources */ = {isa = PBXBuildFile; fileRef = AF51DF8D24EDC0B9001C352D /* LivrosTableViewSections.swift */; };
		AF6A1E3F24EFFB0800FF46FF /* .swiftlint.yml in Resources */ = {isa = PBXBuildFile; fileRef = AF6A1E3E24EFFB0800FF46FF /* .swiftlint.yml */; };
		AF6A1E4724F1492300FF46FF /* ApplicationTests.swift in Sources */ = {isa = PBXBuildFile; fileRef = AF6A1E4624F1492300FF46FF /* ApplicationTests.swift */; };
		AF6A1E4F24F149BF00FF46FF /* HeightTests.swift in Sources */ = {isa = PBXBuildFile; fileRef = AF6A1E4E24F149BF00FF46FF /* HeightTests.swift */; };
		AF7F200124E557440058FA2C /* AppDelegate.swift in Sources */ = {isa = PBXBuildFile; fileRef = AF7F200024E557440058FA2C /* AppDelegate.swift */; };
		AF7F200324E557440058FA2C /* SceneDelegate.swift in Sources */ = {isa = PBXBuildFile; fileRef = AF7F200224E557440058FA2C /* SceneDelegate.swift */; };
		AF7F200824E557440058FA2C /* Main.storyboard in Resources */ = {isa = PBXBuildFile; fileRef = AF7F200624E557440058FA2C /* Main.storyboard */; };
		AF7F200A24E557450058FA2C /* Assets.xcassets in Resources */ = {isa = PBXBuildFile; fileRef = AF7F200924E557450058FA2C /* Assets.xcassets */; };
		AF7F200D24E557450058FA2C /* LaunchScreen.storyboard in Resources */ = {isa = PBXBuildFile; fileRef = AF7F200B24E557450058FA2C /* LaunchScreen.storyboard */; };
		AF7F203524E5589C0058FA2C /* UIColor.swift in Sources */ = {isa = PBXBuildFile; fileRef = AF7F203424E5589C0058FA2C /* UIColor.swift */; };
		AF7F203724E5592E0058FA2C /* MainTabBarController.swift in Sources */ = {isa = PBXBuildFile; fileRef = AF7F203624E5592E0058FA2C /* MainTabBarController.swift */; };
		AF7F203924E55B060058FA2C /* BibliaViewController.swift in Sources */ = {isa = PBXBuildFile; fileRef = AF7F203824E55B060058FA2C /* BibliaViewController.swift */; };
		AF7F203B24E55B1D0058FA2C /* NotasViewController.swift in Sources */ = {isa = PBXBuildFile; fileRef = AF7F203A24E55B1D0058FA2C /* NotasViewController.swift */; };
		AF7F203D24E583DA0058FA2C /* BackView.swift in Sources */ = {isa = PBXBuildFile; fileRef = AF7F203C24E583DA0058FA2C /* BackView.swift */; };
		AFC2A32224E6C70C001A266D /* VisualizarNotaViewController.swift in Sources */ = {isa = PBXBuildFile; fileRef = AFC2A32124E6C70C001A266D /* VisualizarNotaViewController.swift */; };
		AFC2A32624E87A13001A266D /* CriarEditarNotaViewController.swift in Sources */ = {isa = PBXBuildFile; fileRef = AFC2A32524E87A13001A266D /* CriarEditarNotaViewController.swift */; };
		AFC820E224F688FE003C7B0A /* LivrosDataTest.swift in Sources */ = {isa = PBXBuildFile; fileRef = AFC820E124F688FE003C7B0A /* LivrosDataTest.swift */; };
		AFC820E424F68F3A003C7B0A /* NotaRepositoryTest.swift in Sources */ = {isa = PBXBuildFile; fileRef = AFC820E324F68F3A003C7B0A /* NotaRepositoryTest.swift */; };
		AFD310B624F561BB00A74E2E /* TempoComDeusUITests.swift in Sources */ = {isa = PBXBuildFile; fileRef = AFD310B524F561BB00A74E2E /* TempoComDeusUITests.swift */; };
		AFDB6D6124EEA80000F58A6D /* CapitulosCollectionViewCell.swift in Sources */ = {isa = PBXBuildFile; fileRef = AFDB6D6024EEA80000F58A6D /* CapitulosCollectionViewCell.swift */; };
		AFF120EB24EAB6A1000A9B12 /* Repository.swift in Sources */ = {isa = PBXBuildFile; fileRef = AFF120EA24EAB6A1000A9B12 /* Repository.swift */; };
		AFF120ED24EAB7A2000A9B12 /* FileHelper.swift in Sources */ = {isa = PBXBuildFile; fileRef = AFF120EC24EAB7A2000A9B12 /* FileHelper.swift */; };
		AFF120EF24EABBAB000A9B12 /* NotaRepository.swift in Sources */ = {isa = PBXBuildFile; fileRef = AFF120EE24EABBAB000A9B12 /* NotaRepository.swift */; };
		AFFA1D0F24EC199500399F96 /* Biblia.swift in Sources */ = {isa = PBXBuildFile; fileRef = AFFA1D0E24EC199500399F96 /* Biblia.swift */; };
		AFFA1D1124EC1C6B00399F96 /* LivrosTableViewController.swift in Sources */ = {isa = PBXBuildFile; fileRef = AFFA1D1024EC1C6B00399F96 /* LivrosTableViewController.swift */; };
		AFFA1D1324EC1CF400399F96 /* BibliaTableViewCell.swift in Sources */ = {isa = PBXBuildFile; fileRef = AFFA1D1224EC1CF400399F96 /* BibliaTableViewCell.swift */; };
		AFFA1D1B24EC854000399F96 /* Capitulo.swift in Sources */ = {isa = PBXBuildFile; fileRef = AFFA1D1A24EC854000399F96 /* Capitulo.swift */; };
/* End PBXBuildFile section */

/* Begin PBXContainerItemProxy section */
		AF6A1E4924F1492300FF46FF /* PBXContainerItemProxy */ = {
			isa = PBXContainerItemProxy;
			containerPortal = AF7F1FF524E557440058FA2C /* Project object */;
			proxyType = 1;
			remoteGlobalIDString = AF7F1FFC24E557440058FA2C;
			remoteInfo = TempoComDeusApp;
		};
		AFD310B824F561BB00A74E2E /* PBXContainerItemProxy */ = {
			isa = PBXContainerItemProxy;
			containerPortal = AF7F1FF524E557440058FA2C /* Project object */;
			proxyType = 1;
			remoteGlobalIDString = AF7F1FFC24E557440058FA2C;
			remoteInfo = TempoComDeusApp;
		};
/* End PBXContainerItemProxy section */

/* Begin PBXFileReference section */
		19E9D45F067F28149909F528 /* Pods-tempoComDeusApp.release.xcconfig */ = {isa = PBXFileReference; includeInIndex = 1; lastKnownFileType = text.xcconfig; name = "Pods-tempoComDeusApp.release.xcconfig"; path = "Target Support Files/Pods-tempoComDeusApp/Pods-tempoComDeusApp.release.xcconfig"; sourceTree = "<group>"; };
		1BEE505222F55FA8F3FF75C4 /* Pods-tempoComDeusAppTests.debug.xcconfig */ = {isa = PBXFileReference; includeInIndex = 1; lastKnownFileType = text.xcconfig; name = "Pods-tempoComDeusAppTests.debug.xcconfig"; path = "Target Support Files/Pods-tempoComDeusAppTests/Pods-tempoComDeusAppTests.debug.xcconfig"; sourceTree = "<group>"; };
		376DB0D253AFBE2AB93CEE18 /* Pods-tempoComDeusApp.debug.xcconfig */ = {isa = PBXFileReference; includeInIndex = 1; lastKnownFileType = text.xcconfig; name = "Pods-tempoComDeusApp.debug.xcconfig"; path = "Target Support Files/Pods-tempoComDeusApp/Pods-tempoComDeusApp.debug.xcconfig"; sourceTree = "<group>"; };
		3B847CA1921DE90A32D01F3D /* Pods-tempoComDeusAppTests.release.xcconfig */ = {isa = PBXFileReference; includeInIndex = 1; lastKnownFileType = text.xcconfig; name = "Pods-tempoComDeusAppTests.release.xcconfig"; path = "Target Support Files/Pods-tempoComDeusAppTests/Pods-tempoComDeusAppTests.release.xcconfig"; sourceTree = "<group>"; };
		7E3AFD92A8E1CD8935F5211B /* Pods_tempoComDeusAppTests.framework */ = {isa = PBXFileReference; explicitFileType = wrapper.framework; includeInIndex = 0; path = Pods_tempoComDeusAppTests.framework; sourceTree = BUILT_PRODUCTS_DIR; };
		925FF4659E50E28250B13DAF /* Pods-tempoComDeusApp-tempoComDeusAppUITests.release.xcconfig */ = {isa = PBXFileReference; includeInIndex = 1; lastKnownFileType = text.xcconfig; name = "Pods-tempoComDeusApp-tempoComDeusAppUITests.release.xcconfig"; path = "Target Support Files/Pods-tempoComDeusApp-tempoComDeusAppUITests/Pods-tempoComDeusApp-tempoComDeusAppUITests.release.xcconfig"; sourceTree = "<group>"; };
		9E4507DCD70893862DEB0BA5 /* Pods-tempoComDeusApp-tempoComDeusAppUITests.debug.xcconfig */ = {isa = PBXFileReference; includeInIndex = 1; lastKnownFileType = text.xcconfig; name = "Pods-tempoComDeusApp-tempoComDeusAppUITests.debug.xcconfig"; path = "Target Support Files/Pods-tempoComDeusApp-tempoComDeusAppUITests/Pods-tempoComDeusApp-tempoComDeusAppUITests.debug.xcconfig"; sourceTree = "<group>"; };
		A1CDB9FBAB76BDF26783D292 /* Pods_tempoComDeusApp_tempoComDeusAppUITests.framework */ = {isa = PBXFileReference; explicitFileType = wrapper.framework; includeInIndex = 0; path = Pods_tempoComDeusApp_tempoComDeusAppUITests.framework; sourceTree = BUILT_PRODUCTS_DIR; };
		AF10216A24F1577D0090CDC8 /* CalcCellDimensions.swift */ = {isa = PBXFileReference; lastKnownFileType = sourcecode.swift; path = CalcCellDimensions.swift; sourceTree = "<group>"; };
		AF1947C324EBF02200724B23 /* Livro.swift */ = {isa = PBXFileReference; lastKnownFileType = sourcecode.swift; path = Livro.swift; sourceTree = "<group>"; };
		AF1947C524EBF40D00724B23 /* Verso.swift */ = {isa = PBXFileReference; lastKnownFileType = sourcecode.swift; path = Verso.swift; sourceTree = "<group>"; };
		AF1947C924EBF91000724B23 /* HTTP.swift */ = {isa = PBXFileReference; lastKnownFileType = sourcecode.swift; path = HTTP.swift; sourceTree = "<group>"; };
		AF1947CE24EBFA3500724B23 /* URL.swift */ = {isa = PBXFileReference; lastKnownFileType = sourcecode.swift; path = URL.swift; sourceTree = "<group>"; };
		AF1947D424EC015100724B23 /* BibliaRepository.swift */ = {isa = PBXFileReference; lastKnownFileType = sourcecode.swift; path = BibliaRepository.swift; sourceTree = "<group>"; };
		AF21B47124E5D25900D44D39 /* Nota.swift */ = {isa = PBXFileReference; lastKnownFileType = sourcecode.swift; path = Nota.swift; sourceTree = "<group>"; };
		AF21B47324E5D2EB00D44D39 /* NotasCollectionViewCell.swift */ = {isa = PBXFileReference; lastKnownFileType = sourcecode.swift; path = NotasCollectionViewCell.swift; sourceTree = "<group>"; };
		AF22DE6724FB3D99005FAB3C /* livros.json */ = {isa = PBXFileReference; lastKnownFileType = text.json; path = livros.json; sourceTree = "<group>"; };
		AF34F405250031DF00BFAB2D /* NotasCellDelegate.swift */ = {isa = PBXFileReference; lastKnownFileType = sourcecode.swift; path = NotasCellDelegate.swift; sourceTree = "<group>"; };
		AF34F4072500322700BFAB2D /* CapitulosTableViewCellDelegate.swift */ = {isa = PBXFileReference; lastKnownFileType = sourcecode.swift; path = CapitulosTableViewCellDelegate.swift; sourceTree = "<group>"; };
		AF34F4092500326700BFAB2D /* LivrosTableViewDelegate.swift */ = {isa = PBXFileReference; lastKnownFileType = sourcecode.swift; path = LivrosTableViewDelegate.swift; sourceTree = "<group>"; };
		AF34F40B2500328000BFAB2D /* NotaDelegate.swift */ = {isa = PBXFileReference; lastKnownFileType = sourcecode.swift; path = NotaDelegate.swift; sourceTree = "<group>"; };
		AF34F40D250032AC00BFAB2D /* UpdateNotaDelegate.swift */ = {isa = PBXFileReference; lastKnownFileType = sourcecode.swift; path = UpdateNotaDelegate.swift; sourceTree = "<group>"; };
		AF34F40F250032C700BFAB2D /* NovaNotaDelegate.swift */ = {isa = PBXFileReference; lastKnownFileType = sourcecode.swift; path = NovaNotaDelegate.swift; sourceTree = "<group>"; };
		AF34F4112500331200BFAB2D /* UIView.swift */ = {isa = PBXFileReference; lastKnownFileType = sourcecode.swift; path = UIView.swift; sourceTree = "<group>"; };
		AF34F4132500334E00BFAB2D /* MyColors.swift */ = {isa = PBXFileReference; lastKnownFileType = sourcecode.swift; path = MyColors.swift; sourceTree = "<group>"; };
		AF48267924F43E1C00C44A46 /* CreateNotaTest.swift */ = {isa = PBXFileReference; lastKnownFileType = sourcecode.swift; path = CreateNotaTest.swift; sourceTree = "<group>"; };
		AF48267F24F4451500C44A46 /* CreateNewBibliaTest.swift */ = {isa = PBXFileReference; lastKnownFileType = sourcecode.swift; path = CreateNewBibliaTest.swift; sourceTree = "<group>"; };
		AF48268124F44B2000C44A46 /* CalcDateStringTest.swift */ = {isa = PBXFileReference; lastKnownFileType = sourcecode.swift; path = CalcDateStringTest.swift; sourceTree = "<group>"; };
		AF51DF8924EDA6D4001C352D /* CapitulosTableViewCell.swift */ = {isa = PBXFileReference; lastKnownFileType = sourcecode.swift; path = CapitulosTableViewCell.swift; sourceTree = "<group>"; };
		AF51DF8B24EDB520001C352D /* LivrosData.swift */ = {isa = PBXFileReference; lastKnownFileType = sourcecode.swift; path = LivrosData.swift; sourceTree = "<group>"; };
		AF51DF8D24EDC0B9001C352D /* LivrosTableViewSections.swift */ = {isa = PBXFileReference; lastKnownFileType = sourcecode.swift; path = LivrosTableViewSections.swift; sourceTree = "<group>"; };
		AF6A1E3E24EFFB0800FF46FF /* .swiftlint.yml */ = {isa = PBXFileReference; lastKnownFileType = text.yaml; path = .swiftlint.yml; sourceTree = "<group>"; };
		AF6A1E4424F1492300FF46FF /* ApplicationTests.xctest */ = {isa = PBXFileReference; explicitFileType = wrapper.cfbundle; includeInIndex = 0; path = ApplicationTests.xctest; sourceTree = BUILT_PRODUCTS_DIR; };
		AF6A1E4624F1492300FF46FF /* ApplicationTests.swift */ = {isa = PBXFileReference; lastKnownFileType = sourcecode.swift; path = ApplicationTests.swift; sourceTree = "<group>"; };
		AF6A1E4824F1492300FF46FF /* Info.plist */ = {isa = PBXFileReference; lastKnownFileType = text.plist.xml; path = Info.plist; sourceTree = "<group>"; };
		AF6A1E4E24F149BF00FF46FF /* HeightTests.swift */ = {isa = PBXFileReference; lastKnownFileType = sourcecode.swift; path = HeightTests.swift; sourceTree = "<group>"; };
		AF7F1FFD24E557440058FA2C /* tempo com Deus.app */ = {isa = PBXFileReference; explicitFileType = wrapper.application; includeInIndex = 0; path = "tempo com Deus.app"; sourceTree = BUILT_PRODUCTS_DIR; };
		AF7F200024E557440058FA2C /* AppDelegate.swift */ = {isa = PBXFileReference; lastKnownFileType = sourcecode.swift; path = AppDelegate.swift; sourceTree = "<group>"; };
		AF7F200224E557440058FA2C /* SceneDelegate.swift */ = {isa = PBXFileReference; lastKnownFileType = sourcecode.swift; path = SceneDelegate.swift; sourceTree = "<group>"; };
		AF7F200724E557440058FA2C /* Base */ = {isa = PBXFileReference; lastKnownFileType = file.storyboard; name = Base; path = Base.lproj/Main.storyboard; sourceTree = "<group>"; };
		AF7F200924E557450058FA2C /* Assets.xcassets */ = {isa = PBXFileReference; lastKnownFileType = folder.assetcatalog; path = Assets.xcassets; sourceTree = "<group>"; };
		AF7F200C24E557450058FA2C /* Base */ = {isa = PBXFileReference; lastKnownFileType = file.storyboard; name = Base; path = Base.lproj/LaunchScreen.storyboard; sourceTree = "<group>"; };
		AF7F200E24E557450058FA2C /* Info.plist */ = {isa = PBXFileReference; lastKnownFileType = text.plist.xml; path = Info.plist; sourceTree = "<group>"; };
		AF7F203424E5589C0058FA2C /* UIColor.swift */ = {isa = PBXFileReference; lastKnownFileType = sourcecode.swift; path = UIColor.swift; sourceTree = "<group>"; };
		AF7F203624E5592E0058FA2C /* MainTabBarController.swift */ = {isa = PBXFileReference; lastKnownFileType = sourcecode.swift; path = MainTabBarController.swift; sourceTree = "<group>"; };
		AF7F203824E55B060058FA2C /* BibliaViewController.swift */ = {isa = PBXFileReference; lastKnownFileType = sourcecode.swift; path = BibliaViewController.swift; sourceTree = "<group>"; };
		AF7F203A24E55B1D0058FA2C /* NotasViewController.swift */ = {isa = PBXFileReference; lastKnownFileType = sourcecode.swift; path = NotasViewController.swift; sourceTree = "<group>"; };
		AF7F203C24E583DA0058FA2C /* BackView.swift */ = {isa = PBXFileReference; lastKnownFileType = sourcecode.swift; path = BackView.swift; sourceTree = "<group>"; };
		AFC2A32124E6C70C001A266D /* VisualizarNotaViewController.swift */ = {isa = PBXFileReference; lastKnownFileType = sourcecode.swift; path = VisualizarNotaViewController.swift; sourceTree = "<group>"; };
		AFC2A32524E87A13001A266D /* CriarEditarNotaViewController.swift */ = {isa = PBXFileReference; lastKnownFileType = sourcecode.swift; path = CriarEditarNotaViewController.swift; sourceTree = "<group>"; };
		AFC820E124F688FE003C7B0A /* LivrosDataTest.swift */ = {isa = PBXFileReference; lastKnownFileType = sourcecode.swift; path = LivrosDataTest.swift; sourceTree = "<group>"; };
		AFC820E324F68F3A003C7B0A /* NotaRepositoryTest.swift */ = {isa = PBXFileReference; lastKnownFileType = sourcecode.swift; path = NotaRepositoryTest.swift; sourceTree = "<group>"; };
		AFD310B324F561BB00A74E2E /* tempoComDeusUITests.xctest */ = {isa = PBXFileReference; explicitFileType = wrapper.cfbundle; includeInIndex = 0; path = tempoComDeusUITests.xctest; sourceTree = BUILT_PRODUCTS_DIR; };
		AFD310B524F561BB00A74E2E /* TempoComDeusUITests.swift */ = {isa = PBXFileReference; lastKnownFileType = sourcecode.swift; path = TempoComDeusUITests.swift; sourceTree = "<group>"; };
		AFD310B724F561BB00A74E2E /* Info.plist */ = {isa = PBXFileReference; lastKnownFileType = text.plist.xml; path = Info.plist; sourceTree = "<group>"; };
		AFDB6D6024EEA80000F58A6D /* CapitulosCollectionViewCell.swift */ = {isa = PBXFileReference; lastKnownFileType = sourcecode.swift; path = CapitulosCollectionViewCell.swift; sourceTree = "<group>"; };
		AFF120EA24EAB6A1000A9B12 /* Repository.swift */ = {isa = PBXFileReference; lastKnownFileType = sourcecode.swift; path = Repository.swift; sourceTree = "<group>"; };
		AFF120EC24EAB7A2000A9B12 /* FileHelper.swift */ = {isa = PBXFileReference; lastKnownFileType = sourcecode.swift; path = FileHelper.swift; sourceTree = "<group>"; };
		AFF120EE24EABBAB000A9B12 /* NotaRepository.swift */ = {isa = PBXFileReference; lastKnownFileType = sourcecode.swift; path = NotaRepository.swift; sourceTree = "<group>"; };
		AFFA1D0E24EC199500399F96 /* Biblia.swift */ = {isa = PBXFileReference; lastKnownFileType = sourcecode.swift; path = Biblia.swift; sourceTree = "<group>"; };
		AFFA1D1024EC1C6B00399F96 /* LivrosTableViewController.swift */ = {isa = PBXFileReference; lastKnownFileType = sourcecode.swift; path = LivrosTableViewController.swift; sourceTree = "<group>"; };
		AFFA1D1224EC1CF400399F96 /* BibliaTableViewCell.swift */ = {isa = PBXFileReference; lastKnownFileType = sourcecode.swift; path = BibliaTableViewCell.swift; sourceTree = "<group>"; };
		AFFA1D1A24EC854000399F96 /* Capitulo.swift */ = {isa = PBXFileReference; lastKnownFileType = sourcecode.swift; path = Capitulo.swift; sourceTree = "<group>"; };
		E3FAD09670327E5964399A8C /* Pods_tempoComDeusApp.framework */ = {isa = PBXFileReference; explicitFileType = wrapper.framework; includeInIndex = 0; path = Pods_tempoComDeusApp.framework; sourceTree = BUILT_PRODUCTS_DIR; };
/* End PBXFileReference section */

/* Begin PBXFrameworksBuildPhase section */
		AF6A1E4124F1492300FF46FF /* Frameworks */ = {
			isa = PBXFrameworksBuildPhase;
			buildActionMask = 2147483647;
			files = (
			);
			runOnlyForDeploymentPostprocessing = 0;
		};
		AF7F1FFA24E557440058FA2C /* Frameworks */ = {
			isa = PBXFrameworksBuildPhase;
			buildActionMask = 2147483647;
			files = (
				AC6091035A0BA751A9B8BE3A /* Pods_tempoComDeusApp.framework in Frameworks */,
			);
			runOnlyForDeploymentPostprocessing = 0;
		};
		AFD310B024F561BB00A74E2E /* Frameworks */ = {
			isa = PBXFrameworksBuildPhase;
			buildActionMask = 2147483647;
			files = (
			);
			runOnlyForDeploymentPostprocessing = 0;
		};
/* End PBXFrameworksBuildPhase section */

/* Begin PBXGroup section */
		476CC5697454D0F6A0356471 /* Frameworks */ = {
			isa = PBXGroup;
			children = (
				E3FAD09670327E5964399A8C /* Pods_tempoComDeusApp.framework */,
				A1CDB9FBAB76BDF26783D292 /* Pods_tempoComDeusApp_tempoComDeusAppUITests.framework */,
				7E3AFD92A8E1CD8935F5211B /* Pods_tempoComDeusAppTests.framework */,
			);
			name = Frameworks;
			sourceTree = "<group>";
		};
		AF1947CD24EBF96B00724B23 /* Repository */ = {
			isa = PBXGroup;
			children = (
				AFF120EE24EABBAB000A9B12 /* NotaRepository.swift */,
				AF1947D424EC015100724B23 /* BibliaRepository.swift */,
			);
			path = Repository;
			sourceTree = "<group>";
		};
		AF6A1E4524F1492300FF46FF /* ApplicationTests */ = {
			isa = PBXGroup;
			children = (
				AF6A1E4624F1492300FF46FF /* ApplicationTests.swift */,
				AF48267924F43E1C00C44A46 /* CreateNotaTest.swift */,
				AF48267F24F4451500C44A46 /* CreateNewBibliaTest.swift */,
				AF6A1E4E24F149BF00FF46FF /* HeightTests.swift */,
				AF10216A24F1577D0090CDC8 /* CalcCellDimensions.swift */,
				AF6A1E4824F1492300FF46FF /* Info.plist */,
				AF48268124F44B2000C44A46 /* CalcDateStringTest.swift */,
				AFC820E124F688FE003C7B0A /* LivrosDataTest.swift */,
				AFC820E324F68F3A003C7B0A /* NotaRepositoryTest.swift */,
			);
			path = ApplicationTests;
			sourceTree = "<group>";
		};
		AF7F1FF424E557440058FA2C = {
			isa = PBXGroup;
			children = (
				AF22DE6724FB3D99005FAB3C /* livros.json */,
				AF7F1FFF24E557440058FA2C /* TempoComDeusApp */,
				AF6A1E4524F1492300FF46FF /* ApplicationTests */,
				AFD310B424F561BB00A74E2E /* TempoComDeusUITests */,
				AF7F1FFE24E557440058FA2C /* Products */,
				E10E9A5F1FD4DE400CCA04B4 /* Pods */,
				476CC5697454D0F6A0356471 /* Frameworks */,
			);
			sourceTree = "<group>";
		};
		AF7F1FFE24E557440058FA2C /* Products */ = {
			isa = PBXGroup;
			children = (
				AF7F1FFD24E557440058FA2C /* tempo com Deus.app */,
				AF6A1E4424F1492300FF46FF /* ApplicationTests.xctest */,
				AFD310B324F561BB00A74E2E /* tempoComDeusUITests.xctest */,
			);
			name = Products;
			sourceTree = "<group>";
		};
		AF7F1FFF24E557440058FA2C /* TempoComDeusApp */ = {
			isa = PBXGroup;
			children = (
				AFF120E924EAB67F000A9B12 /* Protocols */,
				AFC2A32024E6B8B3001A266D /* Extensions */,
				AF1947CD24EBF96B00724B23 /* Repository */,
				AF7F203324E558770058FA2C /* Utils */,
				AF7F203024E5583B0058FA2C /* Model */,
				AF7F203124E558430058FA2C /* View */,
				AF7F203224E5584F0058FA2C /* Controller */,
				AF7F200024E557440058FA2C /* AppDelegate.swift */,
				AF7F200224E557440058FA2C /* SceneDelegate.swift */,
				AF7F200624E557440058FA2C /* Main.storyboard */,
				AF7F200924E557450058FA2C /* Assets.xcassets */,
				AF7F200B24E557450058FA2C /* LaunchScreen.storyboard */,
				AF7F200E24E557450058FA2C /* Info.plist */,
				AF6A1E3E24EFFB0800FF46FF /* .swiftlint.yml */,
			);
			path = TempoComDeusApp;
			sourceTree = "<group>";
		};
		AF7F203024E5583B0058FA2C /* Model */ = {
			isa = PBXGroup;
			children = (
				AF21B47124E5D25900D44D39 /* Nota.swift */,
				AF1947C324EBF02200724B23 /* Livro.swift */,
				AF1947C524EBF40D00724B23 /* Verso.swift */,
				AFFA1D0E24EC199500399F96 /* Biblia.swift */,
				AFFA1D1A24EC854000399F96 /* Capitulo.swift */,
				AF51DF8B24EDB520001C352D /* LivrosData.swift */,
			);
			path = Model;
			sourceTree = "<group>";
		};
		AF7F203124E558430058FA2C /* View */ = {
			isa = PBXGroup;
			children = (
				AF7F203C24E583DA0058FA2C /* BackView.swift */,
				AF21B47324E5D2EB00D44D39 /* NotasCollectionViewCell.swift */,
				AFDB6D6024EEA80000F58A6D /* CapitulosCollectionViewCell.swift */,
				AF51DF8924EDA6D4001C352D /* CapitulosTableViewCell.swift */,
				AFFA1D1224EC1CF400399F96 /* BibliaTableViewCell.swift */,
				AF51DF8D24EDC0B9001C352D /* LivrosTableViewSections.swift */,
			);
			path = View;
			sourceTree = "<group>";
		};
		AF7F203224E5584F0058FA2C /* Controller */ = {
			isa = PBXGroup;
			children = (
				AF7F203624E5592E0058FA2C /* MainTabBarController.swift */,
				AF7F203824E55B060058FA2C /* BibliaViewController.swift */,
				AFFA1D1024EC1C6B00399F96 /* LivrosTableViewController.swift */,
				AF7F203A24E55B1D0058FA2C /* NotasViewController.swift */,
				AFC2A32124E6C70C001A266D /* VisualizarNotaViewController.swift */,
				AFC2A32524E87A13001A266D /* CriarEditarNotaViewController.swift */,
			);
			path = Controller;
			sourceTree = "<group>";
		};
		AF7F203324E558770058FA2C /* Utils */ = {
			isa = PBXGroup;
			children = (
				AF1947C924EBF91000724B23 /* HTTP.swift */,
				AFF120EC24EAB7A2000A9B12 /* FileHelper.swift */,
				AF34F4132500334E00BFAB2D /* MyColors.swift */,
			);
			path = Utils;
			sourceTree = "<group>";
		};
		AFC2A32024E6B8B3001A266D /* Extensions */ = {
			isa = PBXGroup;
			children = (
				AF1947CE24EBFA3500724B23 /* URL.swift */,
				AF7F203424E5589C0058FA2C /* UIColor.swift */,
				AF34F4112500331200BFAB2D /* UIView.swift */,
			);
			path = Extensions;
			sourceTree = "<group>";
		};
		AFD310B424F561BB00A74E2E /* TempoComDeusUITests */ = {
			isa = PBXGroup;
			children = (
				AFD310B524F561BB00A74E2E /* TempoComDeusUITests.swift */,
				AFD310B724F561BB00A74E2E /* Info.plist */,
			);
			path = TempoComDeusUITests;
			sourceTree = "<group>";
		};
		AFF120E924EAB67F000A9B12 /* Protocols */ = {
			isa = PBXGroup;
			children = (
				AFF120EA24EAB6A1000A9B12 /* Repository.swift */,
				AF34F405250031DF00BFAB2D /* NotasCellDelegate.swift */,
				AF34F4072500322700BFAB2D /* CapitulosTableViewCellDelegate.swift */,
				AF34F4092500326700BFAB2D /* LivrosTableViewDelegate.swift */,
				AF34F40B2500328000BFAB2D /* NotaDelegate.swift */,
				AF34F40D250032AC00BFAB2D /* UpdateNotaDelegate.swift */,
				AF34F40F250032C700BFAB2D /* NovaNotaDelegate.swift */,
			);
			path = Protocols;
			sourceTree = "<group>";
		};
		E10E9A5F1FD4DE400CCA04B4 /* Pods */ = {
			isa = PBXGroup;
			children = (
				376DB0D253AFBE2AB93CEE18 /* Pods-tempoComDeusApp.debug.xcconfig */,
				19E9D45F067F28149909F528 /* Pods-tempoComDeusApp.release.xcconfig */,
				9E4507DCD70893862DEB0BA5 /* Pods-tempoComDeusApp-tempoComDeusAppUITests.debug.xcconfig */,
				925FF4659E50E28250B13DAF /* Pods-tempoComDeusApp-tempoComDeusAppUITests.release.xcconfig */,
				1BEE505222F55FA8F3FF75C4 /* Pods-tempoComDeusAppTests.debug.xcconfig */,
				3B847CA1921DE90A32D01F3D /* Pods-tempoComDeusAppTests.release.xcconfig */,
			);
			path = Pods;
			sourceTree = "<group>";
		};
/* End PBXGroup section */

/* Begin PBXNativeTarget section */
		AF6A1E4324F1492300FF46FF /* ApplicationTests */ = {
			isa = PBXNativeTarget;
			buildConfigurationList = AF6A1E4B24F1492300FF46FF /* Build configuration list for PBXNativeTarget "ApplicationTests" */;
			buildPhases = (
				AF6A1E4024F1492300FF46FF /* Sources */,
				AF6A1E4124F1492300FF46FF /* Frameworks */,
				AF6A1E4224F1492300FF46FF /* Resources */,
			);
			buildRules = (
			);
			dependencies = (
				AF6A1E4A24F1492300FF46FF /* PBXTargetDependency */,
			);
			name = ApplicationTests;
			productName = ApplicationTests;
			productReference = AF6A1E4424F1492300FF46FF /* ApplicationTests.xctest */;
			productType = "com.apple.product-type.bundle.unit-test";
		};
		AF7F1FFC24E557440058FA2C /* TempoComDeusApp */ = {
			isa = PBXNativeTarget;
			buildConfigurationList = AF7F202724E557450058FA2C /* Build configuration list for PBXNativeTarget "TempoComDeusApp" */;
			buildPhases = (
				E5336D5B676C4839B611D14D /* [CP] Check Pods Manifest.lock */,
				AF7F1FF924E557440058FA2C /* Sources */,
				AF7F1FFA24E557440058FA2C /* Frameworks */,
				AF7F1FFB24E557440058FA2C /* Resources */,
				AF6A1E3D24EFF65A00FF46FF /* ShellScript */,
			);
			buildRules = (
			);
			dependencies = (
			);
			name = TempoComDeusApp;
			productName = tempoComDeusApp;
			productReference = AF7F1FFD24E557440058FA2C /* tempo com Deus.app */;
			productType = "com.apple.product-type.application";
		};
		AFD310B224F561BB00A74E2E /* tempoComDeusUITests */ = {
			isa = PBXNativeTarget;
			buildConfigurationList = AFD310BA24F561BB00A74E2E /* Build configuration list for PBXNativeTarget "tempoComDeusUITests" */;
			buildPhases = (
				AFD310AF24F561BB00A74E2E /* Sources */,
				AFD310B024F561BB00A74E2E /* Frameworks */,
				AFD310B124F561BB00A74E2E /* Resources */,
			);
			buildRules = (
			);
			dependencies = (
				AFD310B924F561BB00A74E2E /* PBXTargetDependency */,
			);
			name = tempoComDeusUITests;
			productName = tempoComDeusUITests;
			productReference = AFD310B324F561BB00A74E2E /* tempoComDeusUITests.xctest */;
			productType = "com.apple.product-type.bundle.ui-testing";
		};
/* End PBXNativeTarget section */

/* Begin PBXProject section */
		AF7F1FF524E557440058FA2C /* Project object */ = {
			isa = PBXProject;
			attributes = {
				LastSwiftUpdateCheck = 1160;
				LastUpgradeCheck = 1160;
				ORGANIZATIONNAME = "Lidiane Gomes Barbosa";
				TargetAttributes = {
					AF6A1E4324F1492300FF46FF = {
						CreatedOnToolsVersion = 11.6;
						TestTargetID = AF7F1FFC24E557440058FA2C;
					};
					AF7F1FFC24E557440058FA2C = {
						CreatedOnToolsVersion = 11.6;
					};
					AFD310B224F561BB00A74E2E = {
						CreatedOnToolsVersion = 11.6;
						TestTargetID = AF7F1FFC24E557440058FA2C;
					};
				};
			};
			buildConfigurationList = AF7F1FF824E557440058FA2C /* Build configuration list for PBXProject "TempoComDeusApp" */;
			compatibilityVersion = "Xcode 9.3";
			developmentRegion = en;
			hasScannedForEncodings = 0;
			knownRegions = (
				en,
				Base,
			);
			mainGroup = AF7F1FF424E557440058FA2C;
			productRefGroup = AF7F1FFE24E557440058FA2C /* Products */;
			projectDirPath = "";
			projectRoot = "";
			targets = (
				AF7F1FFC24E557440058FA2C /* TempoComDeusApp */,
				AF6A1E4324F1492300FF46FF /* ApplicationTests */,
				AFD310B224F561BB00A74E2E /* tempoComDeusUITests */,
			);
		};
/* End PBXProject section */

/* Begin PBXResourcesBuildPhase section */
		AF6A1E4224F1492300FF46FF /* Resources */ = {
			isa = PBXResourcesBuildPhase;
			buildActionMask = 2147483647;
			files = (
			);
			runOnlyForDeploymentPostprocessing = 0;
		};
		AF7F1FFB24E557440058FA2C /* Resources */ = {
			isa = PBXResourcesBuildPhase;
			buildActionMask = 2147483647;
			files = (
				AF6A1E3F24EFFB0800FF46FF /* .swiftlint.yml in Resources */,
				AF22DE6824FB3D99005FAB3C /* livros.json in Resources */,
				AF7F200D24E557450058FA2C /* LaunchScreen.storyboard in Resources */,
				AF7F200A24E557450058FA2C /* Assets.xcassets in Resources */,
				AF7F200824E557440058FA2C /* Main.storyboard in Resources */,
			);
			runOnlyForDeploymentPostprocessing = 0;
		};
		AFD310B124F561BB00A74E2E /* Resources */ = {
			isa = PBXResourcesBuildPhase;
			buildActionMask = 2147483647;
			files = (
			);
			runOnlyForDeploymentPostprocessing = 0;
		};
/* End PBXResourcesBuildPhase section */

/* Begin PBXShellScriptBuildPhase section */
		AF6A1E3D24EFF65A00FF46FF /* ShellScript */ = {
			isa = PBXShellScriptBuildPhase;
			buildActionMask = 2147483647;
			files = (
			);
			inputFileListPaths = (
			);
			inputPaths = (
			);
			outputFileListPaths = (
			);
			outputPaths = (
			);
			runOnlyForDeploymentPostprocessing = 0;
			shellPath = /bin/sh;
			shellScript = "# Type a script or drag a script file from your workspace to insert its path.\nif which \"${PODS_ROOT}/SwiftLint/swiftlint\" >/dev/null; then\n    ${PODS_ROOT}/SwiftLint/swiftlint\nelse\n    echo \"warning: SwiftLint not installed, download from https://github.com/realm/SwiftLint\"\nfi\n";
		};
		E5336D5B676C4839B611D14D /* [CP] Check Pods Manifest.lock */ = {
			isa = PBXShellScriptBuildPhase;
			buildActionMask = 2147483647;
			files = (
			);
			inputFileListPaths = (
			);
			inputPaths = (
				"${PODS_PODFILE_DIR_PATH}/Podfile.lock",
				"${PODS_ROOT}/Manifest.lock",
			);
			name = "[CP] Check Pods Manifest.lock";
			outputFileListPaths = (
			);
			outputPaths = (
				"$(DERIVED_FILE_DIR)/Pods-tempoComDeusApp-checkManifestLockResult.txt",
			);
			runOnlyForDeploymentPostprocessing = 0;
			shellPath = /bin/sh;
			shellScript = "diff \"${PODS_PODFILE_DIR_PATH}/Podfile.lock\" \"${PODS_ROOT}/Manifest.lock\" > /dev/null\nif [ $? != 0 ] ; then\n    # print error to STDERR\n    echo \"error: The sandbox is not in sync with the Podfile.lock. Run 'pod install' or update your CocoaPods installation.\" >&2\n    exit 1\nfi\n# This output is used by Xcode 'outputs' to avoid re-running this script phase.\necho \"SUCCESS\" > \"${SCRIPT_OUTPUT_FILE_0}\"\n";
			showEnvVarsInLog = 0;
		};
/* End PBXShellScriptBuildPhase section */

/* Begin PBXSourcesBuildPhase section */
		AF6A1E4024F1492300FF46FF /* Sources */ = {
			isa = PBXSourcesBuildPhase;
			buildActionMask = 2147483647;
			files = (
				AFC820E224F688FE003C7B0A /* LivrosDataTest.swift in Sources */,
				AF6A1E4F24F149BF00FF46FF /* HeightTests.swift in Sources */,
				AF6A1E4724F1492300FF46FF /* ApplicationTests.swift in Sources */,
				AF48267A24F43E1C00C44A46 /* CreateNotaTest.swift in Sources */,
				AF48268224F44B2000C44A46 /* CalcDateStringTest.swift in Sources */,
				AFC820E424F68F3A003C7B0A /* NotaRepositoryTest.swift in Sources */,
				AF10216B24F1577D0090CDC8 /* CalcCellDimensions.swift in Sources */,
				AF48268024F4451500C44A46 /* CreateNewBibliaTest.swift in Sources */,
			);
			runOnlyForDeploymentPostprocessing = 0;
		};
		AF7F1FF924E557440058FA2C /* Sources */ = {
			isa = PBXSourcesBuildPhase;
			buildActionMask = 2147483647;
			files = (
				AFFA1D1324EC1CF400399F96 /* BibliaTableViewCell.swift in Sources */,
				AF21B47424E5D2EB00D44D39 /* NotasCollectionViewCell.swift in Sources */,
				AFF120EB24EAB6A1000A9B12 /* Repository.swift in Sources */,
				AF34F40E250032AC00BFAB2D /* UpdateNotaDelegate.swift in Sources */,
				AF1947D524EC015100724B23 /* BibliaRepository.swift in Sources */,
				AF1947CF24EBFA3500724B23 /* URL.swift in Sources */,
				AF34F4122500331200BFAB2D /* UIView.swift in Sources */,
				AF7F200124E557440058FA2C /* AppDelegate.swift in Sources */,
				AF21B47224E5D25900D44D39 /* Nota.swift in Sources */,
				AFC2A32224E6C70C001A266D /* VisualizarNotaViewController.swift in Sources */,
				AFC2A32624E87A13001A266D /* CriarEditarNotaViewController.swift in Sources */,
				AF51DF8C24EDB520001C352D /* LivrosData.swift in Sources */,
				AF7F203724E5592E0058FA2C /* MainTabBarController.swift in Sources */,
				AF34F40C2500328000BFAB2D /* NotaDelegate.swift in Sources */,
				AF34F410250032C700BFAB2D /* NovaNotaDelegate.swift in Sources */,
				AF51DF8A24EDA6D4001C352D /* CapitulosTableViewCell.swift in Sources */,
				AF7F200324E557440058FA2C /* SceneDelegate.swift in Sources */,
				AF7F203524E5589C0058FA2C /* UIColor.swift in Sources */,
				AF51DF8E24EDC0B9001C352D /* LivrosTableViewSections.swift in Sources */,
				AFF120EF24EABBAB000A9B12 /* NotaRepository.swift in Sources */,
				AFFA1D0F24EC199500399F96 /* Biblia.swift in Sources */,
				AF1947C424EBF02200724B23 /* Livro.swift in Sources */,
				AF1947CA24EBF91000724B23 /* HTTP.swift in Sources */,
				AFF120ED24EAB7A2000A9B12 /* FileHelper.swift in Sources */,
				AF34F4082500322700BFAB2D /* CapitulosTableViewCellDelegate.swift in Sources */,
				AFFA1D1124EC1C6B00399F96 /* LivrosTableViewController.swift in Sources */,
				AF7F203D24E583DA0058FA2C /* BackView.swift in Sources */,
				AF34F406250031DF00BFAB2D /* NotasCellDelegate.swift in Sources */,
				AFFA1D1B24EC854000399F96 /* Capitulo.swift in Sources */,
				AF34F40A2500326700BFAB2D /* LivrosTableViewDelegate.swift in Sources */,
				AF7F203924E55B060058FA2C /* BibliaViewController.swift in Sources */,
				AF34F4142500334E00BFAB2D /* MyColors.swift in Sources */,
				AF7F203B24E55B1D0058FA2C /* NotasViewController.swift in Sources */,
				AF1947C624EBF40D00724B23 /* Verso.swift in Sources */,
				AFDB6D6124EEA80000F58A6D /* CapitulosCollectionViewCell.swift in Sources */,
			);
			runOnlyForDeploymentPostprocessing = 0;
		};
		AFD310AF24F561BB00A74E2E /* Sources */ = {
			isa = PBXSourcesBuildPhase;
			buildActionMask = 2147483647;
			files = (
				AFD310B624F561BB00A74E2E /* TempoComDeusUITests.swift in Sources */,
			);
			runOnlyForDeploymentPostprocessing = 0;
		};
/* End PBXSourcesBuildPhase section */

/* Begin PBXTargetDependency section */
		AF6A1E4A24F1492300FF46FF /* PBXTargetDependency */ = {
			isa = PBXTargetDependency;
			target = AF7F1FFC24E557440058FA2C /* TempoComDeusApp */;
			targetProxy = AF6A1E4924F1492300FF46FF /* PBXContainerItemProxy */;
		};
		AFD310B924F561BB00A74E2E /* PBXTargetDependency */ = {
			isa = PBXTargetDependency;
			target = AF7F1FFC24E557440058FA2C /* TempoComDeusApp */;
			targetProxy = AFD310B824F561BB00A74E2E /* PBXContainerItemProxy */;
		};
/* End PBXTargetDependency section */

/* Begin PBXVariantGroup section */
		AF7F200624E557440058FA2C /* Main.storyboard */ = {
			isa = PBXVariantGroup;
			children = (
				AF7F200724E557440058FA2C /* Base */,
			);
			name = Main.storyboard;
			sourceTree = "<group>";
		};
		AF7F200B24E557450058FA2C /* LaunchScreen.storyboard */ = {
			isa = PBXVariantGroup;
			children = (
				AF7F200C24E557450058FA2C /* Base */,
			);
			name = LaunchScreen.storyboard;
			sourceTree = "<group>";
		};
/* End PBXVariantGroup section */

/* Begin XCBuildConfiguration section */
		AF6A1E4C24F1492300FF46FF /* Debug */ = {
			isa = XCBuildConfiguration;
			buildSettings = {
				BUNDLE_LOADER = "$(TEST_HOST)";
				CODE_SIGN_STYLE = Automatic;
				DEVELOPMENT_TEAM = T373QFGJQA;
				INFOPLIST_FILE = ApplicationTests/Info.plist;
				LD_RUNPATH_SEARCH_PATHS = (
					"$(inherited)",
					"@executable_path/Frameworks",
					"@loader_path/Frameworks",
				);
				PRODUCT_BUNDLE_IDENTIFIER = com.lidiane.ApplicationTests;
				PRODUCT_NAME = "$(TARGET_NAME)";
				SWIFT_VERSION = 5.0;
				TARGETED_DEVICE_FAMILY = "1,2";
				TEST_HOST = "$(BUILT_PRODUCTS_DIR)/tempo com Deus.app/tempo com Deus";
			};
			name = Debug;
		};
		AF6A1E4D24F1492300FF46FF /* Release */ = {
			isa = XCBuildConfiguration;
			buildSettings = {
				BUNDLE_LOADER = "$(TEST_HOST)";
				CODE_SIGN_STYLE = Automatic;
				DEVELOPMENT_TEAM = T373QFGJQA;
				INFOPLIST_FILE = ApplicationTests/Info.plist;
				LD_RUNPATH_SEARCH_PATHS = (
					"$(inherited)",
					"@executable_path/Frameworks",
					"@loader_path/Frameworks",
				);
				PRODUCT_BUNDLE_IDENTIFIER = com.lidiane.ApplicationTests;
				PRODUCT_NAME = "$(TARGET_NAME)";
				SWIFT_VERSION = 5.0;
				TARGETED_DEVICE_FAMILY = "1,2";
				TEST_HOST = "$(BUILT_PRODUCTS_DIR)/tempo com Deus.app/tempo com Deus";
			};
			name = Release;
		};
		AF7F202524E557450058FA2C /* Debug */ = {
			isa = XCBuildConfiguration;
			buildSettings = {
				ALWAYS_SEARCH_USER_PATHS = NO;
				CLANG_ANALYZER_NONNULL = YES;
				CLANG_ANALYZER_NUMBER_OBJECT_CONVERSION = YES_AGGRESSIVE;
				CLANG_CXX_LANGUAGE_STANDARD = "gnu++14";
				CLANG_CXX_LIBRARY = "libc++";
				CLANG_ENABLE_MODULES = YES;
				CLANG_ENABLE_OBJC_ARC = YES;
				CLANG_ENABLE_OBJC_WEAK = YES;
				CLANG_WARN_BLOCK_CAPTURE_AUTORELEASING = YES;
				CLANG_WARN_BOOL_CONVERSION = YES;
				CLANG_WARN_COMMA = YES;
				CLANG_WARN_CONSTANT_CONVERSION = YES;
				CLANG_WARN_DEPRECATED_OBJC_IMPLEMENTATIONS = YES;
				CLANG_WARN_DIRECT_OBJC_ISA_USAGE = YES_ERROR;
				CLANG_WARN_DOCUMENTATION_COMMENTS = YES;
				CLANG_WARN_EMPTY_BODY = YES;
				CLANG_WARN_ENUM_CONVERSION = YES;
				CLANG_WARN_INFINITE_RECURSION = YES;
				CLANG_WARN_INT_CONVERSION = YES;
				CLANG_WARN_NON_LITERAL_NULL_CONVERSION = YES;
				CLANG_WARN_OBJC_IMPLICIT_RETAIN_SELF = YES;
				CLANG_WARN_OBJC_LITERAL_CONVERSION = YES;
				CLANG_WARN_OBJC_ROOT_CLASS = YES_ERROR;
				CLANG_WARN_RANGE_LOOP_ANALYSIS = YES;
				CLANG_WARN_STRICT_PROTOTYPES = YES;
				CLANG_WARN_SUSPICIOUS_MOVE = YES;
				CLANG_WARN_UNGUARDED_AVAILABILITY = YES_AGGRESSIVE;
				CLANG_WARN_UNREACHABLE_CODE = YES;
				CLANG_WARN__DUPLICATE_METHOD_MATCH = YES;
				COPY_PHASE_STRIP = NO;
				DEBUG_INFORMATION_FORMAT = dwarf;
				ENABLE_STRICT_OBJC_MSGSEND = YES;
				ENABLE_TESTABILITY = YES;
				GCC_C_LANGUAGE_STANDARD = gnu11;
				GCC_DYNAMIC_NO_PIC = NO;
				GCC_NO_COMMON_BLOCKS = YES;
				GCC_OPTIMIZATION_LEVEL = 0;
				GCC_PREPROCESSOR_DEFINITIONS = (
					"DEBUG=1",
					"$(inherited)",
				);
				GCC_WARN_64_TO_32_BIT_CONVERSION = YES;
				GCC_WARN_ABOUT_RETURN_TYPE = YES_ERROR;
				GCC_WARN_UNDECLARED_SELECTOR = YES;
				GCC_WARN_UNINITIALIZED_AUTOS = YES_AGGRESSIVE;
				GCC_WARN_UNUSED_FUNCTION = YES;
				GCC_WARN_UNUSED_VARIABLE = YES;
				IPHONEOS_DEPLOYMENT_TARGET = 13.6;
				MTL_ENABLE_DEBUG_INFO = INCLUDE_SOURCE;
				MTL_FAST_MATH = YES;
				ONLY_ACTIVE_ARCH = YES;
				SDKROOT = iphoneos;
				SWIFT_ACTIVE_COMPILATION_CONDITIONS = DEBUG;
				SWIFT_OPTIMIZATION_LEVEL = "-Onone";
			};
			name = Debug;
		};
		AF7F202624E557450058FA2C /* Release */ = {
			isa = XCBuildConfiguration;
			buildSettings = {
				ALWAYS_SEARCH_USER_PATHS = NO;
				CLANG_ANALYZER_NONNULL = YES;
				CLANG_ANALYZER_NUMBER_OBJECT_CONVERSION = YES_AGGRESSIVE;
				CLANG_CXX_LANGUAGE_STANDARD = "gnu++14";
				CLANG_CXX_LIBRARY = "libc++";
				CLANG_ENABLE_MODULES = YES;
				CLANG_ENABLE_OBJC_ARC = YES;
				CLANG_ENABLE_OBJC_WEAK = YES;
				CLANG_WARN_BLOCK_CAPTURE_AUTORELEASING = YES;
				CLANG_WARN_BOOL_CONVERSION = YES;
				CLANG_WARN_COMMA = YES;
				CLANG_WARN_CONSTANT_CONVERSION = YES;
				CLANG_WARN_DEPRECATED_OBJC_IMPLEMENTATIONS = YES;
				CLANG_WARN_DIRECT_OBJC_ISA_USAGE = YES_ERROR;
				CLANG_WARN_DOCUMENTATION_COMMENTS = YES;
				CLANG_WARN_EMPTY_BODY = YES;
				CLANG_WARN_ENUM_CONVERSION = YES;
				CLANG_WARN_INFINITE_RECURSION = YES;
				CLANG_WARN_INT_CONVERSION = YES;
				CLANG_WARN_NON_LITERAL_NULL_CONVERSION = YES;
				CLANG_WARN_OBJC_IMPLICIT_RETAIN_SELF = YES;
				CLANG_WARN_OBJC_LITERAL_CONVERSION = YES;
				CLANG_WARN_OBJC_ROOT_CLASS = YES_ERROR;
				CLANG_WARN_RANGE_LOOP_ANALYSIS = YES;
				CLANG_WARN_STRICT_PROTOTYPES = YES;
				CLANG_WARN_SUSPICIOUS_MOVE = YES;
				CLANG_WARN_UNGUARDED_AVAILABILITY = YES_AGGRESSIVE;
				CLANG_WARN_UNREACHABLE_CODE = YES;
				CLANG_WARN__DUPLICATE_METHOD_MATCH = YES;
				COPY_PHASE_STRIP = NO;
				DEBUG_INFORMATION_FORMAT = "dwarf-with-dsym";
				ENABLE_NS_ASSERTIONS = NO;
				ENABLE_STRICT_OBJC_MSGSEND = YES;
				GCC_C_LANGUAGE_STANDARD = gnu11;
				GCC_NO_COMMON_BLOCKS = YES;
				GCC_WARN_64_TO_32_BIT_CONVERSION = YES;
				GCC_WARN_ABOUT_RETURN_TYPE = YES_ERROR;
				GCC_WARN_UNDECLARED_SELECTOR = YES;
				GCC_WARN_UNINITIALIZED_AUTOS = YES_AGGRESSIVE;
				GCC_WARN_UNUSED_FUNCTION = YES;
				GCC_WARN_UNUSED_VARIABLE = YES;
				IPHONEOS_DEPLOYMENT_TARGET = 13.6;
				MTL_ENABLE_DEBUG_INFO = NO;
				MTL_FAST_MATH = YES;
				SDKROOT = iphoneos;
				SWIFT_COMPILATION_MODE = wholemodule;
				SWIFT_OPTIMIZATION_LEVEL = "-O";
				VALIDATE_PRODUCT = YES;
			};
			name = Release;
		};
		AF7F202824E557450058FA2C /* Debug */ = {
			isa = XCBuildConfiguration;
			baseConfigurationReference = 376DB0D253AFBE2AB93CEE18 /* Pods-tempoComDeusApp.debug.xcconfig */;
			buildSettings = {
				ASSETCATALOG_COMPILER_APPICON_NAME = AppIcon;
				CODE_SIGN_STYLE = Automatic;
				DEVELOPMENT_TEAM = T373QFGJQA;
				INFOPLIST_FILE = tempoComDeusApp/Info.plist;
				IPHONEOS_DEPLOYMENT_TARGET = 13.6;
				LD_RUNPATH_SEARCH_PATHS = (
					"$(inherited)",
					"@executable_path/Frameworks",
				);
				PRODUCT_BUNDLE_IDENTIFIER = com.lidiane.TempoComDeusApp;
				PRODUCT_NAME = "tempo com Deus";
				SWIFT_VERSION = 5.0;
				TARGETED_DEVICE_FAMILY = 1;
			};
			name = Debug;
		};
		AF7F202924E557450058FA2C /* Release */ = {
			isa = XCBuildConfiguration;
			baseConfigurationReference = 19E9D45F067F28149909F528 /* Pods-tempoComDeusApp.release.xcconfig */;
			buildSettings = {
				ASSETCATALOG_COMPILER_APPICON_NAME = AppIcon;
				CODE_SIGN_STYLE = Automatic;
				DEVELOPMENT_TEAM = T373QFGJQA;
				INFOPLIST_FILE = tempoComDeusApp/Info.plist;
				IPHONEOS_DEPLOYMENT_TARGET = 13.6;
				LD_RUNPATH_SEARCH_PATHS = (
					"$(inherited)",
					"@executable_path/Frameworks",
				);
				PRODUCT_BUNDLE_IDENTIFIER = com.lidiane.TempoComDeusApp;
				PRODUCT_NAME = "tempo com Deus";
				SWIFT_VERSION = 5.0;
				TARGETED_DEVICE_FAMILY = 1;
			};
			name = Release;
		};
		AFD310BB24F561BB00A74E2E /* Debug */ = {
			isa = XCBuildConfiguration;
			buildSettings = {
				CODE_SIGN_STYLE = Automatic;
				DEVELOPMENT_TEAM = T373QFGJQA;
				INFOPLIST_FILE = tempoComDeusUITests/Info.plist;
				LD_RUNPATH_SEARCH_PATHS = (
					"$(inherited)",
					"@executable_path/Frameworks",
					"@loader_path/Frameworks",
				);
				PRODUCT_BUNDLE_IDENTIFIER = com.lidiane.tempoComDeusUITests;
				PRODUCT_NAME = "$(TARGET_NAME)";
				SWIFT_VERSION = 5.0;
				TARGETED_DEVICE_FAMILY = "1,2";
				TEST_TARGET_NAME = TempoComDeusApp;
			};
			name = Debug;
		};
		AFD310BC24F561BB00A74E2E /* Release */ = {
			isa = XCBuildConfiguration;
			buildSettings = {
				CODE_SIGN_STYLE = Automatic;
				DEVELOPMENT_TEAM = T373QFGJQA;
				INFOPLIST_FILE = tempoComDeusUITests/Info.plist;
				LD_RUNPATH_SEARCH_PATHS = (
					"$(inherited)",
					"@executable_path/Frameworks",
					"@loader_path/Frameworks",
				);
				PRODUCT_BUNDLE_IDENTIFIER = com.lidiane.tempoComDeusUITests;
				PRODUCT_NAME = "$(TARGET_NAME)";
				SWIFT_VERSION = 5.0;
				TARGETED_DEVICE_FAMILY = "1,2";
				TEST_TARGET_NAME = TempoComDeusApp;
			};
			name = Release;
		};
/* End XCBuildConfiguration section */

/* Begin XCConfigurationList section */
		AF6A1E4B24F1492300FF46FF /* Build configuration list for PBXNativeTarget "ApplicationTests" */ = {
			isa = XCConfigurationList;
			buildConfigurations = (
				AF6A1E4C24F1492300FF46FF /* Debug */,
				AF6A1E4D24F1492300FF46FF /* Release */,
			);
			defaultConfigurationIsVisible = 0;
			defaultConfigurationName = Release;
		};
		AF7F1FF824E557440058FA2C /* Build configuration list for PBXProject "TempoComDeusApp" */ = {
			isa = XCConfigurationList;
			buildConfigurations = (
				AF7F202524E557450058FA2C /* Debug */,
				AF7F202624E557450058FA2C /* Release */,
			);
			defaultConfigurationIsVisible = 0;
			defaultConfigurationName = Release;
		};
		AF7F202724E557450058FA2C /* Build configuration list for PBXNativeTarget "TempoComDeusApp" */ = {
			isa = XCConfigurationList;
			buildConfigurations = (
				AF7F202824E557450058FA2C /* Debug */,
				AF7F202924E557450058FA2C /* Release */,
			);
			defaultConfigurationIsVisible = 0;
			defaultConfigurationName = Release;
		};
		AFD310BA24F561BB00A74E2E /* Build configuration list for PBXNativeTarget "tempoComDeusUITests" */ = {
			isa = XCConfigurationList;
			buildConfigurations = (
				AFD310BB24F561BB00A74E2E /* Debug */,
				AFD310BC24F561BB00A74E2E /* Release */,
			);
			defaultConfigurationIsVisible = 0;
			defaultConfigurationName = Release;
		};
/* End XCConfigurationList section */
	};
	rootObject = AF7F1FF524E557440058FA2C /* Project object */;
}
