// !$*UTF8*$!
{
	archiveVersion = 1;
	classes = {
	};
	objectVersion = 51;
	objects = {

/* Begin PBXBuildFile section */
		60114059C86EF0970045B7A4 /* Pods_TempoComDeusApp.framework in Frameworks */ = {isa = PBXBuildFile; fileRef = 4374D5D46BF8F458C5DB5F23 /* Pods_TempoComDeusApp.framework */; };
		AF00490925D31AB500B37767 /* NotificationController.swift in Sources */ = {isa = PBXBuildFile; fileRef = AF00490825D31AB500B37767 /* NotificationController.swift */; };
		AF015F9825C9BEE800F6861E /* Action.swift in Sources */ = {isa = PBXBuildFile; fileRef = AF015F9725C9BEE800F6861E /* Action.swift */; };
		AF05EA8C25DBF2D100D91FEF /* SearchControllerBooksTableView.swift in Sources */ = {isa = PBXBuildFile; fileRef = AF05EA8B25DBF2D100D91FEF /* SearchControllerBooksTableView.swift */; };
		AF16E6FF250996B600F32400 /* ConfigSectionOneTableViewCell.swift in Sources */ = {isa = PBXBuildFile; fileRef = AF16E6FE250996B600F32400 /* ConfigSectionOneTableViewCell.swift */; };
		AF16E701250996CC00F32400 /* ConfigSectionTwoTableViewCell.swift in Sources */ = {isa = PBXBuildFile; fileRef = AF16E700250996CC00F32400 /* ConfigSectionTwoTableViewCell.swift */; };
		AF1868B42506E494001731AA /* ExtensionBibliaViewController.swift in Sources */ = {isa = PBXBuildFile; fileRef = AF1868B32506E494001731AA /* ExtensionBibliaViewController.swift */; };
		AF1947C424EBF02200724B23 /* Bible.swift in Sources */ = {isa = PBXBuildFile; fileRef = AF1947C324EBF02200724B23 /* Bible.swift */; };
		AF21B47424E5D2EB00D44D39 /* NotesCollectionViewCell.swift in Sources */ = {isa = PBXBuildFile; fileRef = AF21B47324E5D2EB00D44D39 /* NotesCollectionViewCell.swift */; };
		AF22DE6824FB3D99005FAB3C /* biblia.json in Resources */ = {isa = PBXBuildFile; fileRef = AF22DE6724FB3D99005FAB3C /* biblia.json */; };
		AF34F4122500331200BFAB2D /* UIView.swift in Sources */ = {isa = PBXBuildFile; fileRef = AF34F4112500331200BFAB2D /* UIView.swift */; };
		AF34F4142500334E00BFAB2D /* MyColors.swift in Sources */ = {isa = PBXBuildFile; fileRef = AF34F4132500334E00BFAB2D /* MyColors.swift */; };
		AF34F4162500370A00BFAB2D /* Json.swift in Sources */ = {isa = PBXBuildFile; fileRef = AF34F4152500370A00BFAB2D /* Json.swift */; };
		AF34F418250037D900BFAB2D /* File.swift in Sources */ = {isa = PBXBuildFile; fileRef = AF34F417250037D900BFAB2D /* File.swift */; };
		AF34F41E250044A200BFAB2D /* aa.json in Resources */ = {isa = PBXBuildFile; fileRef = AF34F41B250044A100BFAB2D /* aa.json */; };
		AF34F41F250044A200BFAB2D /* acf.json in Resources */ = {isa = PBXBuildFile; fileRef = AF34F41C250044A100BFAB2D /* acf.json */; };
		AF34F420250044A200BFAB2D /* nvi.json in Resources */ = {isa = PBXBuildFile; fileRef = AF34F41D250044A200BFAB2D /* nvi.json */; };
		AF3C21F9250AA46000F81685 /* DataPicker.swift in Sources */ = {isa = PBXBuildFile; fileRef = AF3C21F8250AA46000F81685 /* DataPicker.swift */; };
		AF3EB88B2508432A003F988F /* ConfigViewController.swift in Sources */ = {isa = PBXBuildFile; fileRef = AF3EB88A2508432A003F988F /* ConfigViewController.swift */; };
		AF4717602501B03900DDC69A /* BookResume.swift in Sources */ = {isa = PBXBuildFile; fileRef = AF47175F2501B03900DDC69A /* BookResume.swift */; };
		AF4717622501B25000DDC69A /* Constantes.swift in Sources */ = {isa = PBXBuildFile; fileRef = AF4717612501B25000DDC69A /* Constantes.swift */; };
		AF4A206225C8949000F6F14E /* Book.swift in Sources */ = {isa = PBXBuildFile; fileRef = AF4A206125C8949000F6F14E /* Book.swift */; };
		AF4E6C7525030FA400C53EF0 /* livrosResumo.json in Resources */ = {isa = PBXBuildFile; fileRef = AF4E6C7425030FA400C53EF0 /* livrosResumo.json */; };
		AF51DF8A24EDA6D4001C352D /* ChaptersTableViewCell.swift in Sources */ = {isa = PBXBuildFile; fileRef = AF51DF8924EDA6D4001C352D /* ChaptersTableViewCell.swift */; };
		AF51DF8E24EDC0B9001C352D /* BooksTableViewSections.swift in Sources */ = {isa = PBXBuildFile; fileRef = AF51DF8D24EDC0B9001C352D /* BooksTableViewSections.swift */; };
		AF5D369425A5EC4E00DE3487 /* NotesCollectionDelegates.swift in Sources */ = {isa = PBXBuildFile; fileRef = AF5D369325A5EC4E00DE3487 /* NotesCollectionDelegates.swift */; };
		AF5D369925A5F0C800DE3487 /* ConfigTableDelegates.swift in Sources */ = {isa = PBXBuildFile; fileRef = AF5D369825A5F0C800DE3487 /* ConfigTableDelegates.swift */; };
		AF5D36A125A600EA00DE3487 /* BooksTableViewDelegates.swift in Sources */ = {isa = PBXBuildFile; fileRef = AF5D36A025A600EA00DE3487 /* BooksTableViewDelegates.swift */; };
		AF6A1E3F24EFFB0800FF46FF /* .swiftlint.yml in Resources */ = {isa = PBXBuildFile; fileRef = AF6A1E3E24EFFB0800FF46FF /* .swiftlint.yml */; };
		AF6A1E4724F1492300FF46FF /* ApplicationTests.swift in Sources */ = {isa = PBXBuildFile; fileRef = AF6A1E4624F1492300FF46FF /* ApplicationTests.swift */; };
		AF7F200124E557440058FA2C /* AppDelegate.swift in Sources */ = {isa = PBXBuildFile; fileRef = AF7F200024E557440058FA2C /* AppDelegate.swift */; };
		AF7F200324E557440058FA2C /* SceneDelegate.swift in Sources */ = {isa = PBXBuildFile; fileRef = AF7F200224E557440058FA2C /* SceneDelegate.swift */; };
		AF7F200824E557440058FA2C /* Main.storyboard in Resources */ = {isa = PBXBuildFile; fileRef = AF7F200624E557440058FA2C /* Main.storyboard */; };
		AF7F200A24E557450058FA2C /* Assets.xcassets in Resources */ = {isa = PBXBuildFile; fileRef = AF7F200924E557450058FA2C /* Assets.xcassets */; };
		AF7F200D24E557450058FA2C /* LaunchScreen.storyboard in Resources */ = {isa = PBXBuildFile; fileRef = AF7F200B24E557450058FA2C /* LaunchScreen.storyboard */; };
		AF7F203524E5589C0058FA2C /* UIColor.swift in Sources */ = {isa = PBXBuildFile; fileRef = AF7F203424E5589C0058FA2C /* UIColor.swift */; };
		AF7F203724E5592E0058FA2C /* MainTabBarController.swift in Sources */ = {isa = PBXBuildFile; fileRef = AF7F203624E5592E0058FA2C /* MainTabBarController.swift */; };
		AF7F203924E55B060058FA2C /* BibleViewController.swift in Sources */ = {isa = PBXBuildFile; fileRef = AF7F203824E55B060058FA2C /* BibleViewController.swift */; };
		AF7F203B24E55B1D0058FA2C /* NotesViewController.swift in Sources */ = {isa = PBXBuildFile; fileRef = AF7F203A24E55B1D0058FA2C /* NotesViewController.swift */; };
		AF89E00D2511662600B5FEDB /* Chapter.swift in Sources */ = {isa = PBXBuildFile; fileRef = AF89E00C2511662600B5FEDB /* Chapter.swift */; };
		AF8D318F25CC288400161507 /* Date.swift in Sources */ = {isa = PBXBuildFile; fileRef = AF8D318E25CC288400161507 /* Date.swift */; };
		AF8D319425CC3A1B00161507 /* Calculator.swift in Sources */ = {isa = PBXBuildFile; fileRef = AF8D319325CC3A1B00161507 /* Calculator.swift */; };
		AF8D319A25CC656300161507 /* NoteDataModel.xcdatamodeld in Sources */ = {isa = PBXBuildFile; fileRef = AF8D319825CC656300161507 /* NoteDataModel.xcdatamodeld */; };
		AF8D31C325CC6CA100161507 /* CoreDataService.swift in Sources */ = {isa = PBXBuildFile; fileRef = AF8D31C225CC6CA100161507 /* CoreDataService.swift */; };
		AF8D31D025CC8C2300161507 /* NoteModel.swift in Sources */ = {isa = PBXBuildFile; fileRef = AF8D31CF25CC8C2300161507 /* NoteModel.swift */; };
		AF8E2C3B25CB1065008A1CC7 /* UserDefaultsPersistence.swift in Sources */ = {isa = PBXBuildFile; fileRef = AF8E2C3A25CB1065008A1CC7 /* UserDefaultsPersistence.swift */; };
		AF8E2C4325CB1DF3008A1CC7 /* UIAlertController.swift in Sources */ = {isa = PBXBuildFile; fileRef = AF8E2C4225CB1DF3008A1CC7 /* UIAlertController.swift */; };
		AF8E2C4C25CB21D2008A1CC7 /* NoteViewModel.swift in Sources */ = {isa = PBXBuildFile; fileRef = AF8E2C4B25CB21D2008A1CC7 /* NoteViewModel.swift */; };
		AF8E2C5425CB21F1008A1CC7 /* NotesViewModel.swift in Sources */ = {isa = PBXBuildFile; fileRef = AF8E2C5325CB21F1008A1CC7 /* NotesViewModel.swift */; };
		AF977D0225D5CD12001EAA37 /* NotesTransitionDelegates.swift in Sources */ = {isa = PBXBuildFile; fileRef = AF977D0125D5CD12001EAA37 /* NotesTransitionDelegates.swift */; };
		AF98FAE625D15D1D00314447 /* ContextMenuExtension.swift in Sources */ = {isa = PBXBuildFile; fileRef = AF98FAE525D15D1D00314447 /* ContextMenuExtension.swift */; };
		AF98FAEB25D1B10300314447 /* Verse.swift in Sources */ = {isa = PBXBuildFile; fileRef = AF98FAEA25D1B10300314447 /* Verse.swift */; };
		AFA6416E25D45DDE00C7C8AE /* delete.json in Resources */ = {isa = PBXBuildFile; fileRef = AFA6416D25D45DDE00C7C8AE /* delete.json */; };
		AFBB37162516D428004B7105 /* UITextView.swift in Sources */ = {isa = PBXBuildFile; fileRef = AFBB37152516D428004B7105 /* UITextView.swift */; };
		AFC2A32224E6C70C001A266D /* ViewNoteViewController.swift in Sources */ = {isa = PBXBuildFile; fileRef = AFC2A32124E6C70C001A266D /* ViewNoteViewController.swift */; };
		AFC2A32624E87A13001A266D /* CreateAndEditNoteViewController.swift in Sources */ = {isa = PBXBuildFile; fileRef = AFC2A32524E87A13001A266D /* CreateAndEditNoteViewController.swift */; };
		AFD310B624F561BB00A74E2E /* TestBibleUITests.swift in Sources */ = {isa = PBXBuildFile; fileRef = AFD310B524F561BB00A74E2E /* TestBibleUITests.swift */; };
		AFDB6D6124EEA80000F58A6D /* ChaptersCollectionViewCell.swift in Sources */ = {isa = PBXBuildFile; fileRef = AFDB6D6024EEA80000F58A6D /* ChaptersCollectionViewCell.swift */; };
		AFF0F45725CD90010096F713 /* MockCoreDataStack.swift in Sources */ = {isa = PBXBuildFile; fileRef = AFF0F45625CD90010096F713 /* MockCoreDataStack.swift */; };
		AFF0F47625CDC4890096F713 /* TestCoreDataService.swift in Sources */ = {isa = PBXBuildFile; fileRef = AFF0F47525CDC4890096F713 /* TestCoreDataService.swift */; };
		AFF0F47F25CDD6F60096F713 /* TestNoteViewModel.swift in Sources */ = {isa = PBXBuildFile; fileRef = AFF0F47E25CDD6F60096F713 /* TestNoteViewModel.swift */; };
		AFF0F48825CDE1ED0096F713 /* TestNotesViewModel.swift in Sources */ = {isa = PBXBuildFile; fileRef = AFF0F48725CDE1ED0096F713 /* TestNotesViewModel.swift */; };
		AFF0F49825CDE7BB0096F713 /* TestBookResume.swift in Sources */ = {isa = PBXBuildFile; fileRef = AFF0F49725CDE7BB0096F713 /* TestBookResume.swift */; };
		AFF0F49D25CDEAD90096F713 /* TestBook.swift in Sources */ = {isa = PBXBuildFile; fileRef = AFF0F49C25CDEAD90096F713 /* TestBook.swift */; };
		AFFA1D1124EC1C6B00399F96 /* BooksTableViewController.swift in Sources */ = {isa = PBXBuildFile; fileRef = AFFA1D1024EC1C6B00399F96 /* BooksTableViewController.swift */; };
		AFFA1D1324EC1CF400399F96 /* BibleTableViewCell.swift in Sources */ = {isa = PBXBuildFile; fileRef = AFFA1D1224EC1CF400399F96 /* BibleTableViewCell.swift */; };
		AFFD040225D6A2D600FBC088 /* TestVerse.swift in Sources */ = {isa = PBXBuildFile; fileRef = AFFD040125D6A2D600FBC088 /* TestVerse.swift */; };
		AFFD040B25D6A48E00FBC088 /* TestMyColors.swift in Sources */ = {isa = PBXBuildFile; fileRef = AFFD040A25D6A48E00FBC088 /* TestMyColors.swift */; };
		AFFD041425D6AB1B00FBC088 /* TestCalculator.swift in Sources */ = {isa = PBXBuildFile; fileRef = AFFD041325D6AB1B00FBC088 /* TestCalculator.swift */; };
		AFFD042525D6AFD100FBC088 /* TestBible.swift in Sources */ = {isa = PBXBuildFile; fileRef = AFFD042425D6AFD100FBC088 /* TestBible.swift */; };
		AFFD042D25D6B71C00FBC088 /* TestChapter.swift in Sources */ = {isa = PBXBuildFile; fileRef = AFFD042C25D6B71C00FBC088 /* TestChapter.swift */; };
		AFFD043C25D6CA3900FBC088 /* TestConfigTableView.swift in Sources */ = {isa = PBXBuildFile; fileRef = AFFD043725D6C9E000FBC088 /* TestConfigTableView.swift */; };
		AFFD045125D6E40800FBC088 /* TestNoteUITests.swift in Sources */ = {isa = PBXBuildFile; fileRef = AFFD044925D6E33400FBC088 /* TestNoteUITests.swift */; };
		AFFEB73725056394006984B6 /* UIPickerBibliaViewController.swift in Sources */ = {isa = PBXBuildFile; fileRef = AFFEB73625056394006984B6 /* UIPickerBibliaViewController.swift */; };
/* End PBXBuildFile section */

/* Begin PBXContainerItemProxy section */
		AF6A1E4924F1492300FF46FF /* PBXContainerItemProxy */ = {
			isa = PBXContainerItemProxy;
			containerPortal = AF7F1FF524E557440058FA2C /* Project object */;
			proxyType = 1;
			remoteGlobalIDString = AF7F1FFC24E557440058FA2C;
			remoteInfo = TempoComDeusApp;
		};
		AFD310B824F561BB00A74E2E /* PBXContainerItemProxy */ = {
			isa = PBXContainerItemProxy;
			containerPortal = AF7F1FF524E557440058FA2C /* Project object */;
			proxyType = 1;
			remoteGlobalIDString = AF7F1FFC24E557440058FA2C;
			remoteInfo = TempoComDeusApp;
		};
/* End PBXContainerItemProxy section */

/* Begin PBXFileReference section */
		19E9D45F067F28149909F528 /* Pods-tempoComDeusApp.release.xcconfig */ = {isa = PBXFileReference; includeInIndex = 1; lastKnownFileType = text.xcconfig; name = "Pods-tempoComDeusApp.release.xcconfig"; path = "Target Support Files/Pods-tempoComDeusApp/Pods-tempoComDeusApp.release.xcconfig"; sourceTree = "<group>"; };
		358E921D2685D2CE0E27706F /* Pods-TempoComDeusApp.debug.xcconfig */ = {isa = PBXFileReference; includeInIndex = 1; lastKnownFileType = text.xcconfig; name = "Pods-TempoComDeusApp.debug.xcconfig"; path = "Target Support Files/Pods-TempoComDeusApp/Pods-TempoComDeusApp.debug.xcconfig"; sourceTree = "<group>"; };
		376DB0D253AFBE2AB93CEE18 /* Pods-tempoComDeusApp.debug.xcconfig */ = {isa = PBXFileReference; includeInIndex = 1; lastKnownFileType = text.xcconfig; name = "Pods-tempoComDeusApp.debug.xcconfig"; path = "Target Support Files/Pods-tempoComDeusApp/Pods-tempoComDeusApp.debug.xcconfig"; sourceTree = "<group>"; };
		4374D5D46BF8F458C5DB5F23 /* Pods_TempoComDeusApp.framework */ = {isa = PBXFileReference; explicitFileType = wrapper.framework; includeInIndex = 0; path = Pods_TempoComDeusApp.framework; sourceTree = BUILT_PRODUCTS_DIR; };
		7E3AFD92A8E1CD8935F5211B /* Pods_tempoComDeusAppTests.framework */ = {isa = PBXFileReference; explicitFileType = wrapper.framework; includeInIndex = 0; path = Pods_tempoComDeusAppTests.framework; sourceTree = BUILT_PRODUCTS_DIR; };
		A1CDB9FBAB76BDF26783D292 /* Pods_tempoComDeusApp_tempoComDeusAppUITests.framework */ = {isa = PBXFileReference; explicitFileType = wrapper.framework; includeInIndex = 0; path = Pods_tempoComDeusApp_tempoComDeusAppUITests.framework; sourceTree = BUILT_PRODUCTS_DIR; };
		AF00490825D31AB500B37767 /* NotificationController.swift */ = {isa = PBXFileReference; lastKnownFileType = sourcecode.swift; path = NotificationController.swift; sourceTree = "<group>"; };
		AF015F9725C9BEE800F6861E /* Action.swift */ = {isa = PBXFileReference; lastKnownFileType = sourcecode.swift; path = Action.swift; sourceTree = "<group>"; };
		AF05EA8B25DBF2D100D91FEF /* SearchControllerBooksTableView.swift */ = {isa = PBXFileReference; lastKnownFileType = sourcecode.swift; path = SearchControllerBooksTableView.swift; sourceTree = "<group>"; };
		AF16E6FE250996B600F32400 /* ConfigSectionOneTableViewCell.swift */ = {isa = PBXFileReference; lastKnownFileType = sourcecode.swift; path = ConfigSectionOneTableViewCell.swift; sourceTree = "<group>"; };
		AF16E700250996CC00F32400 /* ConfigSectionTwoTableViewCell.swift */ = {isa = PBXFileReference; lastKnownFileType = sourcecode.swift; path = ConfigSectionTwoTableViewCell.swift; sourceTree = "<group>"; };
		AF1868B32506E494001731AA /* ExtensionBibliaViewController.swift */ = {isa = PBXFileReference; lastKnownFileType = sourcecode.swift; path = ExtensionBibliaViewController.swift; sourceTree = "<group>"; };
		AF1947C324EBF02200724B23 /* Bible.swift */ = {isa = PBXFileReference; lastKnownFileType = sourcecode.swift; path = Bible.swift; sourceTree = "<group>"; };
		AF21B47324E5D2EB00D44D39 /* NotesCollectionViewCell.swift */ = {isa = PBXFileReference; lastKnownFileType = sourcecode.swift; path = NotesCollectionViewCell.swift; sourceTree = "<group>"; };
		AF22DE6724FB3D99005FAB3C /* biblia.json */ = {isa = PBXFileReference; lastKnownFileType = text.json; path = biblia.json; sourceTree = "<group>"; };
		AF34F4112500331200BFAB2D /* UIView.swift */ = {isa = PBXFileReference; lastKnownFileType = sourcecode.swift; path = UIView.swift; sourceTree = "<group>"; };
		AF34F4132500334E00BFAB2D /* MyColors.swift */ = {isa = PBXFileReference; lastKnownFileType = sourcecode.swift; path = MyColors.swift; sourceTree = "<group>"; };
		AF34F4152500370A00BFAB2D /* Json.swift */ = {isa = PBXFileReference; lastKnownFileType = sourcecode.swift; path = Json.swift; sourceTree = "<group>"; };
		AF34F417250037D900BFAB2D /* File.swift */ = {isa = PBXFileReference; lastKnownFileType = sourcecode.swift; path = File.swift; sourceTree = "<group>"; };
		AF34F41B250044A100BFAB2D /* aa.json */ = {isa = PBXFileReference; fileEncoding = 4; lastKnownFileType = text.json; path = aa.json; sourceTree = "<group>"; };
		AF34F41C250044A100BFAB2D /* acf.json */ = {isa = PBXFileReference; fileEncoding = 4; lastKnownFileType = text.json; path = acf.json; sourceTree = "<group>"; };
		AF34F41D250044A200BFAB2D /* nvi.json */ = {isa = PBXFileReference; fileEncoding = 4; lastKnownFileType = text.json; path = nvi.json; sourceTree = "<group>"; };
		AF3C21F8250AA46000F81685 /* DataPicker.swift */ = {isa = PBXFileReference; lastKnownFileType = sourcecode.swift; path = DataPicker.swift; sourceTree = "<group>"; };
		AF3EB88A2508432A003F988F /* ConfigViewController.swift */ = {isa = PBXFileReference; lastKnownFileType = sourcecode.swift; path = ConfigViewController.swift; sourceTree = "<group>"; };
		AF47175F2501B03900DDC69A /* BookResume.swift */ = {isa = PBXFileReference; lastKnownFileType = sourcecode.swift; path = BookResume.swift; sourceTree = "<group>"; };
		AF4717612501B25000DDC69A /* Constantes.swift */ = {isa = PBXFileReference; lastKnownFileType = sourcecode.swift; path = Constantes.swift; sourceTree = "<group>"; };
		AF4A206125C8949000F6F14E /* Book.swift */ = {isa = PBXFileReference; lastKnownFileType = sourcecode.swift; path = Book.swift; sourceTree = "<group>"; };
		AF4E6C7425030FA400C53EF0 /* livrosResumo.json */ = {isa = PBXFileReference; lastKnownFileType = text.json; path = livrosResumo.json; sourceTree = "<group>"; };
		AF51DF8924EDA6D4001C352D /* ChaptersTableViewCell.swift */ = {isa = PBXFileReference; lastKnownFileType = sourcecode.swift; path = ChaptersTableViewCell.swift; sourceTree = "<group>"; };
		AF51DF8D24EDC0B9001C352D /* BooksTableViewSections.swift */ = {isa = PBXFileReference; lastKnownFileType = sourcecode.swift; path = BooksTableViewSections.swift; sourceTree = "<group>"; };
		AF5D369325A5EC4E00DE3487 /* NotesCollectionDelegates.swift */ = {isa = PBXFileReference; lastKnownFileType = sourcecode.swift; path = NotesCollectionDelegates.swift; sourceTree = "<group>"; };
		AF5D369825A5F0C800DE3487 /* ConfigTableDelegates.swift */ = {isa = PBXFileReference; lastKnownFileType = sourcecode.swift; path = ConfigTableDelegates.swift; sourceTree = "<group>"; };
		AF5D36A025A600EA00DE3487 /* BooksTableViewDelegates.swift */ = {isa = PBXFileReference; lastKnownFileType = sourcecode.swift; path = BooksTableViewDelegates.swift; sourceTree = "<group>"; };
		AF6A1E3E24EFFB0800FF46FF /* .swiftlint.yml */ = {isa = PBXFileReference; lastKnownFileType = text.yaml; path = .swiftlint.yml; sourceTree = "<group>"; };
		AF6A1E4424F1492300FF46FF /* ApplicationTests.xctest */ = {isa = PBXFileReference; explicitFileType = wrapper.cfbundle; includeInIndex = 0; path = ApplicationTests.xctest; sourceTree = BUILT_PRODUCTS_DIR; };
		AF6A1E4624F1492300FF46FF /* ApplicationTests.swift */ = {isa = PBXFileReference; lastKnownFileType = sourcecode.swift; path = ApplicationTests.swift; sourceTree = "<group>"; };
		AF6A1E4824F1492300FF46FF /* Info.plist */ = {isa = PBXFileReference; lastKnownFileType = text.plist.xml; path = Info.plist; sourceTree = "<group>"; };
		AF7F1FFD24E557440058FA2C /* tempo com Deus.app */ = {isa = PBXFileReference; explicitFileType = wrapper.application; includeInIndex = 0; path = "tempo com Deus.app"; sourceTree = BUILT_PRODUCTS_DIR; };
		AF7F200024E557440058FA2C /* AppDelegate.swift */ = {isa = PBXFileReference; lastKnownFileType = sourcecode.swift; path = AppDelegate.swift; sourceTree = "<group>"; };
		AF7F200224E557440058FA2C /* SceneDelegate.swift */ = {isa = PBXFileReference; lastKnownFileType = sourcecode.swift; path = SceneDelegate.swift; sourceTree = "<group>"; };
		AF7F200724E557440058FA2C /* Base */ = {isa = PBXFileReference; lastKnownFileType = file.storyboard; name = Base; path = Base.lproj/Main.storyboard; sourceTree = "<group>"; };
		AF7F200924E557450058FA2C /* Assets.xcassets */ = {isa = PBXFileReference; lastKnownFileType = folder.assetcatalog; path = Assets.xcassets; sourceTree = "<group>"; };
		AF7F200C24E557450058FA2C /* Base */ = {isa = PBXFileReference; lastKnownFileType = file.storyboard; name = Base; path = Base.lproj/LaunchScreen.storyboard; sourceTree = "<group>"; };
		AF7F200E24E557450058FA2C /* Info.plist */ = {isa = PBXFileReference; lastKnownFileType = text.plist.xml; path = Info.plist; sourceTree = "<group>"; };
		AF7F203424E5589C0058FA2C /* UIColor.swift */ = {isa = PBXFileReference; lastKnownFileType = sourcecode.swift; path = UIColor.swift; sourceTree = "<group>"; };
		AF7F203624E5592E0058FA2C /* MainTabBarController.swift */ = {isa = PBXFileReference; lastKnownFileType = sourcecode.swift; path = MainTabBarController.swift; sourceTree = "<group>"; };
		AF7F203824E55B060058FA2C /* BibleViewController.swift */ = {isa = PBXFileReference; lastKnownFileType = sourcecode.swift; path = BibleViewController.swift; sourceTree = "<group>"; };
		AF7F203A24E55B1D0058FA2C /* NotesViewController.swift */ = {isa = PBXFileReference; lastKnownFileType = sourcecode.swift; path = NotesViewController.swift; sourceTree = "<group>"; };
		AF89E00C2511662600B5FEDB /* Chapter.swift */ = {isa = PBXFileReference; lastKnownFileType = sourcecode.swift; path = Chapter.swift; sourceTree = "<group>"; };
		AF8D318E25CC288400161507 /* Date.swift */ = {isa = PBXFileReference; lastKnownFileType = sourcecode.swift; path = Date.swift; sourceTree = "<group>"; };
		AF8D319325CC3A1B00161507 /* Calculator.swift */ = {isa = PBXFileReference; lastKnownFileType = sourcecode.swift; path = Calculator.swift; sourceTree = "<group>"; };
		AF8D319925CC656300161507 /* NoteDataModel.xcdatamodel */ = {isa = PBXFileReference; lastKnownFileType = wrapper.xcdatamodel; path = NoteDataModel.xcdatamodel; sourceTree = "<group>"; };
		AF8D31C225CC6CA100161507 /* CoreDataService.swift */ = {isa = PBXFileReference; lastKnownFileType = sourcecode.swift; path = CoreDataService.swift; sourceTree = "<group>"; };
		AF8D31CF25CC8C2300161507 /* NoteModel.swift */ = {isa = PBXFileReference; lastKnownFileType = sourcecode.swift; path = NoteModel.swift; sourceTree = "<group>"; };
		AF8E2C3A25CB1065008A1CC7 /* UserDefaultsPersistence.swift */ = {isa = PBXFileReference; lastKnownFileType = sourcecode.swift; path = UserDefaultsPersistence.swift; sourceTree = "<group>"; };
		AF8E2C4225CB1DF3008A1CC7 /* UIAlertController.swift */ = {isa = PBXFileReference; lastKnownFileType = sourcecode.swift; path = UIAlertController.swift; sourceTree = "<group>"; };
		AF8E2C4B25CB21D2008A1CC7 /* NoteViewModel.swift */ = {isa = PBXFileReference; lastKnownFileType = sourcecode.swift; path = NoteViewModel.swift; sourceTree = "<group>"; };
		AF8E2C5325CB21F1008A1CC7 /* NotesViewModel.swift */ = {isa = PBXFileReference; lastKnownFileType = sourcecode.swift; path = NotesViewModel.swift; sourceTree = "<group>"; };
		AF977D0125D5CD12001EAA37 /* NotesTransitionDelegates.swift */ = {isa = PBXFileReference; lastKnownFileType = sourcecode.swift; path = NotesTransitionDelegates.swift; sourceTree = "<group>"; };
		AF98FAE525D15D1D00314447 /* ContextMenuExtension.swift */ = {isa = PBXFileReference; lastKnownFileType = sourcecode.swift; path = ContextMenuExtension.swift; sourceTree = "<group>"; };
		AF98FAEA25D1B10300314447 /* Verse.swift */ = {isa = PBXFileReference; lastKnownFileType = sourcecode.swift; path = Verse.swift; sourceTree = "<group>"; };
		AFA6416D25D45DDE00C7C8AE /* delete.json */ = {isa = PBXFileReference; fileEncoding = 4; lastKnownFileType = text.json; path = delete.json; sourceTree = "<group>"; };
		AFBB37152516D428004B7105 /* UITextView.swift */ = {isa = PBXFileReference; lastKnownFileType = sourcecode.swift; path = UITextView.swift; sourceTree = "<group>"; };
		AFC2A32124E6C70C001A266D /* ViewNoteViewController.swift */ = {isa = PBXFileReference; lastKnownFileType = sourcecode.swift; path = ViewNoteViewController.swift; sourceTree = "<group>"; };
		AFC2A32524E87A13001A266D /* CreateAndEditNoteViewController.swift */ = {isa = PBXFileReference; lastKnownFileType = sourcecode.swift; path = CreateAndEditNoteViewController.swift; sourceTree = "<group>"; };
		AFD310B324F561BB00A74E2E /* tempoComDeusUITests.xctest */ = {isa = PBXFileReference; explicitFileType = wrapper.cfbundle; includeInIndex = 0; path = tempoComDeusUITests.xctest; sourceTree = BUILT_PRODUCTS_DIR; };
		AFD310B524F561BB00A74E2E /* TestBibleUITests.swift */ = {isa = PBXFileReference; lastKnownFileType = sourcecode.swift; path = TestBibleUITests.swift; sourceTree = "<group>"; };
		AFD310B724F561BB00A74E2E /* Info.plist */ = {isa = PBXFileReference; lastKnownFileType = text.plist.xml; path = Info.plist; sourceTree = "<group>"; };
		AFDB6D6024EEA80000F58A6D /* ChaptersCollectionViewCell.swift */ = {isa = PBXFileReference; lastKnownFileType = sourcecode.swift; path = ChaptersCollectionViewCell.swift; sourceTree = "<group>"; };
		AFF0F45625CD90010096F713 /* MockCoreDataStack.swift */ = {isa = PBXFileReference; lastKnownFileType = sourcecode.swift; path = MockCoreDataStack.swift; sourceTree = "<group>"; };
		AFF0F47525CDC4890096F713 /* TestCoreDataService.swift */ = {isa = PBXFileReference; lastKnownFileType = sourcecode.swift; path = TestCoreDataService.swift; sourceTree = "<group>"; };
		AFF0F47E25CDD6F60096F713 /* TestNoteViewModel.swift */ = {isa = PBXFileReference; lastKnownFileType = sourcecode.swift; path = TestNoteViewModel.swift; sourceTree = "<group>"; };
		AFF0F48725CDE1ED0096F713 /* TestNotesViewModel.swift */ = {isa = PBXFileReference; lastKnownFileType = sourcecode.swift; path = TestNotesViewModel.swift; sourceTree = "<group>"; };
		AFF0F49725CDE7BB0096F713 /* TestBookResume.swift */ = {isa = PBXFileReference; lastKnownFileType = sourcecode.swift; path = TestBookResume.swift; sourceTree = "<group>"; };
		AFF0F49C25CDEAD90096F713 /* TestBook.swift */ = {isa = PBXFileReference; lastKnownFileType = sourcecode.swift; path = TestBook.swift; sourceTree = "<group>"; };
		AFFA1D1024EC1C6B00399F96 /* BooksTableViewController.swift */ = {isa = PBXFileReference; lastKnownFileType = sourcecode.swift; path = BooksTableViewController.swift; sourceTree = "<group>"; };
		AFFA1D1224EC1CF400399F96 /* BibleTableViewCell.swift */ = {isa = PBXFileReference; lastKnownFileType = sourcecode.swift; path = BibleTableViewCell.swift; sourceTree = "<group>"; };
		AFFD040125D6A2D600FBC088 /* TestVerse.swift */ = {isa = PBXFileReference; lastKnownFileType = sourcecode.swift; path = TestVerse.swift; sourceTree = "<group>"; };
		AFFD040A25D6A48E00FBC088 /* TestMyColors.swift */ = {isa = PBXFileReference; lastKnownFileType = sourcecode.swift; path = TestMyColors.swift; sourceTree = "<group>"; };
		AFFD041325D6AB1B00FBC088 /* TestCalculator.swift */ = {isa = PBXFileReference; lastKnownFileType = sourcecode.swift; path = TestCalculator.swift; sourceTree = "<group>"; };
		AFFD042425D6AFD100FBC088 /* TestBible.swift */ = {isa = PBXFileReference; lastKnownFileType = sourcecode.swift; path = TestBible.swift; sourceTree = "<group>"; };
		AFFD042C25D6B71C00FBC088 /* TestChapter.swift */ = {isa = PBXFileReference; lastKnownFileType = sourcecode.swift; path = TestChapter.swift; sourceTree = "<group>"; };
		AFFD043725D6C9E000FBC088 /* TestConfigTableView.swift */ = {isa = PBXFileReference; lastKnownFileType = sourcecode.swift; path = TestConfigTableView.swift; sourceTree = "<group>"; };
		AFFD044925D6E33400FBC088 /* TestNoteUITests.swift */ = {isa = PBXFileReference; lastKnownFileType = sourcecode.swift; path = TestNoteUITests.swift; sourceTree = "<group>"; };
		AFFEB73625056394006984B6 /* UIPickerBibliaViewController.swift */ = {isa = PBXFileReference; lastKnownFileType = sourcecode.swift; path = UIPickerBibliaViewController.swift; sourceTree = "<group>"; };
		F4171B03F0493A5F705E0A78 /* Pods-TempoComDeusApp.release.xcconfig */ = {isa = PBXFileReference; includeInIndex = 1; lastKnownFileType = text.xcconfig; name = "Pods-TempoComDeusApp.release.xcconfig"; path = "Target Support Files/Pods-TempoComDeusApp/Pods-TempoComDeusApp.release.xcconfig"; sourceTree = "<group>"; };
/* End PBXFileReference section */

/* Begin PBXFrameworksBuildPhase section */
		AF6A1E4124F1492300FF46FF /* Frameworks */ = {
			isa = PBXFrameworksBuildPhase;
			buildActionMask = 2147483647;
			files = (
			);
			runOnlyForDeploymentPostprocessing = 0;
		};
		AF7F1FFA24E557440058FA2C /* Frameworks */ = {
			isa = PBXFrameworksBuildPhase;
			buildActionMask = 2147483647;
			files = (
				60114059C86EF0970045B7A4 /* Pods_TempoComDeusApp.framework in Frameworks */,
			);
			runOnlyForDeploymentPostprocessing = 0;
		};
		AFD310B024F561BB00A74E2E /* Frameworks */ = {
			isa = PBXFrameworksBuildPhase;
			buildActionMask = 2147483647;
			files = (
			);
			runOnlyForDeploymentPostprocessing = 0;
		};
/* End PBXFrameworksBuildPhase section */

/* Begin PBXGroup section */
		476CC5697454D0F6A0356471 /* Frameworks */ = {
			isa = PBXGroup;
			children = (
				A1CDB9FBAB76BDF26783D292 /* Pods_tempoComDeusApp_tempoComDeusAppUITests.framework */,
				7E3AFD92A8E1CD8935F5211B /* Pods_tempoComDeusAppTests.framework */,
				4374D5D46BF8F458C5DB5F23 /* Pods_TempoComDeusApp.framework */,
			);
			name = Frameworks;
			sourceTree = "<group>";
		};
		AF45FC6725C9A28F000EE4C6 /* Notes */ = {
			isa = PBXGroup;
			children = (
				AF21B47324E5D2EB00D44D39 /* NotesCollectionViewCell.swift */,
				AF7F203A24E55B1D0058FA2C /* NotesViewController.swift */,
				AF5D369325A5EC4E00DE3487 /* NotesCollectionDelegates.swift */,
				AFC2A32524E87A13001A266D /* CreateAndEditNoteViewController.swift */,
				AFC2A32124E6C70C001A266D /* ViewNoteViewController.swift */,
				AF977D0125D5CD12001EAA37 /* NotesTransitionDelegates.swift */,
			);
			path = Notes;
			sourceTree = "<group>";
		};
		AF45FC6825C9A2B9000EE4C6 /* Books */ = {
			isa = PBXGroup;
			children = (
				AFFA1D1024EC1C6B00399F96 /* BooksTableViewController.swift */,
				AF5D36A025A600EA00DE3487 /* BooksTableViewDelegates.swift */,
				AF05EA8B25DBF2D100D91FEF /* SearchControllerBooksTableView.swift */,
			);
			path = Books;
			sourceTree = "<group>";
		};
		AF45FC6F25C9A2FE000EE4C6 /* Configuration */ = {
			isa = PBXGroup;
			children = (
				AF3EB88A2508432A003F988F /* ConfigViewController.swift */,
				AF5D369825A5F0C800DE3487 /* ConfigTableDelegates.swift */,
			);
			path = Configuration;
			sourceTree = "<group>";
		};
		AF45FC7025C9A320000EE4C6 /* MainTabBar */ = {
			isa = PBXGroup;
			children = (
				AF7F203624E5592E0058FA2C /* MainTabBarController.swift */,
			);
			path = MainTabBar;
			sourceTree = "<group>";
		};
		AF4A205D25C8934000F6F14E /* Bible */ = {
			isa = PBXGroup;
			children = (
				AF7F203824E55B060058FA2C /* BibleViewController.swift */,
				AFFEB73625056394006984B6 /* UIPickerBibliaViewController.swift */,
				AF1868B32506E494001731AA /* ExtensionBibliaViewController.swift */,
				AF98FAE525D15D1D00314447 /* ContextMenuExtension.swift */,
				AF00490825D31AB500B37767 /* NotificationController.swift */,
			);
			path = Bible;
			sourceTree = "<group>";
		};
		AF6A1E4524F1492300FF46FF /* ApplicationTests */ = {
			isa = PBXGroup;
			children = (
				AFFD042C25D6B71C00FBC088 /* TestChapter.swift */,
				AFFD042425D6AFD100FBC088 /* TestBible.swift */,
				AFF0F49C25CDEAD90096F713 /* TestBook.swift */,
				AFF0F49725CDE7BB0096F713 /* TestBookResume.swift */,
				AFFD040125D6A2D600FBC088 /* TestVerse.swift */,
				AFFD040A25D6A48E00FBC088 /* TestMyColors.swift */,
				AFFD041325D6AB1B00FBC088 /* TestCalculator.swift */,
				AFF0F48625CDE1C80096F713 /* Note */,
				AFF0F47D25CDD6B60096F713 /* CoreData */,
				AF6A1E4624F1492300FF46FF /* ApplicationTests.swift */,
				AF6A1E4824F1492300FF46FF /* Info.plist */,
			);
			path = ApplicationTests;
			sourceTree = "<group>";
		};
		AF7F1FF424E557440058FA2C = {
			isa = PBXGroup;
			children = (
				AF7F1FFF24E557440058FA2C /* TempoComDeusApp */,
				AF6A1E4524F1492300FF46FF /* ApplicationTests */,
				AFD310B424F561BB00A74E2E /* TempoComDeusUITests */,
				AF7F1FFE24E557440058FA2C /* Products */,
				E10E9A5F1FD4DE400CCA04B4 /* Pods */,
				476CC5697454D0F6A0356471 /* Frameworks */,
			);
			sourceTree = "<group>";
		};
		AF7F1FFE24E557440058FA2C /* Products */ = {
			isa = PBXGroup;
			children = (
				AF7F1FFD24E557440058FA2C /* tempo com Deus.app */,
				AF6A1E4424F1492300FF46FF /* ApplicationTests.xctest */,
				AFD310B324F561BB00A74E2E /* tempoComDeusUITests.xctest */,
			);
			name = Products;
			sourceTree = "<group>";
		};
		AF7F1FFF24E557440058FA2C /* TempoComDeusApp */ = {
			isa = PBXGroup;
			children = (
				AF6A1E3E24EFFB0800FF46FF /* .swiftlint.yml */,
				AF7F200E24E557450058FA2C /* Info.plist */,
				AF8D319825CC656300161507 /* NoteDataModel.xcdatamodeld */,
				AF8E2C4725CB2113008A1CC7 /* MVVM */,
				AFF7C7D425A35F35002694B3 /* Shared */,
				AFF7C7D025A35E8A002694B3 /* Books */,
				AFC2A32024E6B8B3001A266D /* Extensions */,
				AF7F203324E558770058FA2C /* Utils */,
				AF7F203024E5583B0058FA2C /* Model */,
				AF7F203124E558430058FA2C /* View */,
				AF7F203224E5584F0058FA2C /* Controller */,
			);
			path = TempoComDeusApp;
			sourceTree = "<group>";
		};
		AF7F203024E5583B0058FA2C /* Model */ = {
			isa = PBXGroup;
			children = (
				AF1947C324EBF02200724B23 /* Bible.swift */,
				AF89E00C2511662600B5FEDB /* Chapter.swift */,
				AF4A206125C8949000F6F14E /* Book.swift */,
				AF47175F2501B03900DDC69A /* BookResume.swift */,
				AF3C21F8250AA46000F81685 /* DataPicker.swift */,
				AF015F9725C9BEE800F6861E /* Action.swift */,
				AF8E2C3A25CB1065008A1CC7 /* UserDefaultsPersistence.swift */,
				AF98FAEA25D1B10300314447 /* Verse.swift */,
			);
			path = Model;
			sourceTree = "<group>";
		};
		AF7F203124E558430058FA2C /* View */ = {
			isa = PBXGroup;
			children = (
				AFDB6D6024EEA80000F58A6D /* ChaptersCollectionViewCell.swift */,
				AF51DF8924EDA6D4001C352D /* ChaptersTableViewCell.swift */,
				AFFA1D1224EC1CF400399F96 /* BibleTableViewCell.swift */,
				AF51DF8D24EDC0B9001C352D /* BooksTableViewSections.swift */,
				AF16E6FE250996B600F32400 /* ConfigSectionOneTableViewCell.swift */,
				AF16E700250996CC00F32400 /* ConfigSectionTwoTableViewCell.swift */,
			);
			path = View;
			sourceTree = "<group>";
		};
		AF7F203224E5584F0058FA2C /* Controller */ = {
			isa = PBXGroup;
			children = (
				AF45FC7025C9A320000EE4C6 /* MainTabBar */,
				AF4A205D25C8934000F6F14E /* Bible */,
				AF45FC6825C9A2B9000EE4C6 /* Books */,
				AF45FC6F25C9A2FE000EE4C6 /* Configuration */,
			);
			path = Controller;
			sourceTree = "<group>";
		};
		AF7F203324E558770058FA2C /* Utils */ = {
			isa = PBXGroup;
			children = (
				AFA6412F25D424B700C7C8AE /* Animations */,
				AF34F4132500334E00BFAB2D /* MyColors.swift */,
				AF34F4152500370A00BFAB2D /* Json.swift */,
				AF34F417250037D900BFAB2D /* File.swift */,
				AF4717612501B25000DDC69A /* Constantes.swift */,
				AF8D319325CC3A1B00161507 /* Calculator.swift */,
			);
			path = Utils;
			sourceTree = "<group>";
		};
		AF8D31C125CC6C7D00161507 /* Service */ = {
			isa = PBXGroup;
			children = (
				AF8D31C225CC6CA100161507 /* CoreDataService.swift */,
			);
			path = Service;
			sourceTree = "<group>";
		};
		AF8E2C4725CB2113008A1CC7 /* MVVM */ = {
			isa = PBXGroup;
			children = (
				AF8D31C125CC6C7D00161507 /* Service */,
				AF8E2C4A25CB2131008A1CC7 /* ViewModel */,
				AF8E2C4925CB212B008A1CC7 /* View */,
				AF8E2C4825CB2124008A1CC7 /* Model */,
			);
			path = MVVM;
			sourceTree = "<group>";
		};
		AF8E2C4825CB2124008A1CC7 /* Model */ = {
			isa = PBXGroup;
			children = (
				AF8D31CF25CC8C2300161507 /* NoteModel.swift */,
			);
			path = Model;
			sourceTree = "<group>";
		};
		AF8E2C4925CB212B008A1CC7 /* View */ = {
			isa = PBXGroup;
			children = (
				AF45FC6725C9A28F000EE4C6 /* Notes */,
			);
			path = View;
			sourceTree = "<group>";
		};
		AF8E2C4A25CB2131008A1CC7 /* ViewModel */ = {
			isa = PBXGroup;
			children = (
				AF8E2C4B25CB21D2008A1CC7 /* NoteViewModel.swift */,
				AF8E2C5325CB21F1008A1CC7 /* NotesViewModel.swift */,
			);
			path = ViewModel;
			sourceTree = "<group>";
		};
		AFA6412F25D424B700C7C8AE /* Animations */ = {
			isa = PBXGroup;
			children = (
				AFA6416D25D45DDE00C7C8AE /* delete.json */,
			);
			path = Animations;
			sourceTree = "<group>";
		};
		AFC2A32024E6B8B3001A266D /* Extensions */ = {
			isa = PBXGroup;
			children = (
				AF7F203424E5589C0058FA2C /* UIColor.swift */,
				AF34F4112500331200BFAB2D /* UIView.swift */,
				AFBB37152516D428004B7105 /* UITextView.swift */,
				AF8E2C4225CB1DF3008A1CC7 /* UIAlertController.swift */,
				AF8D318E25CC288400161507 /* Date.swift */,
			);
			path = Extensions;
			sourceTree = "<group>";
		};
		AFD310B424F561BB00A74E2E /* TempoComDeusUITests */ = {
			isa = PBXGroup;
			children = (
				AFFD044925D6E33400FBC088 /* TestNoteUITests.swift */,
				AFFD043725D6C9E000FBC088 /* TestConfigTableView.swift */,
				AFD310B524F561BB00A74E2E /* TestBibleUITests.swift */,
				AFD310B724F561BB00A74E2E /* Info.plist */,
			);
			path = TempoComDeusUITests;
			sourceTree = "<group>";
		};
		AFF0F47D25CDD6B60096F713 /* CoreData */ = {
			isa = PBXGroup;
			children = (
				AFF0F47525CDC4890096F713 /* TestCoreDataService.swift */,
				AFF0F45625CD90010096F713 /* MockCoreDataStack.swift */,
			);
			path = CoreData;
			sourceTree = "<group>";
		};
		AFF0F48625CDE1C80096F713 /* Note */ = {
			isa = PBXGroup;
			children = (
				AFF0F47E25CDD6F60096F713 /* TestNoteViewModel.swift */,
				AFF0F48725CDE1ED0096F713 /* TestNotesViewModel.swift */,
			);
			path = Note;
			sourceTree = "<group>";
		};
		AFF7C7D025A35E8A002694B3 /* Books */ = {
			isa = PBXGroup;
			children = (
				AF34F41B250044A100BFAB2D /* aa.json */,
				AF22DE6724FB3D99005FAB3C /* biblia.json */,
				AF34F41D250044A200BFAB2D /* nvi.json */,
				AF34F41C250044A100BFAB2D /* acf.json */,
				AF4E6C7425030FA400C53EF0 /* livrosResumo.json */,
			);
			path = Books;
			sourceTree = "<group>";
		};
		AFF7C7D425A35F35002694B3 /* Shared */ = {
			isa = PBXGroup;
			children = (
				AF7F200B24E557450058FA2C /* LaunchScreen.storyboard */,
				AF7F200924E557450058FA2C /* Assets.xcassets */,
				AF7F200624E557440058FA2C /* Main.storyboard */,
				AF7F200224E557440058FA2C /* SceneDelegate.swift */,
				AF7F200024E557440058FA2C /* AppDelegate.swift */,
			);
			path = Shared;
			sourceTree = "<group>";
		};
		E10E9A5F1FD4DE400CCA04B4 /* Pods */ = {
			isa = PBXGroup;
			children = (
				376DB0D253AFBE2AB93CEE18 /* Pods-tempoComDeusApp.debug.xcconfig */,
				19E9D45F067F28149909F528 /* Pods-tempoComDeusApp.release.xcconfig */,
				358E921D2685D2CE0E27706F /* Pods-TempoComDeusApp.debug.xcconfig */,
				F4171B03F0493A5F705E0A78 /* Pods-TempoComDeusApp.release.xcconfig */,
			);
			path = Pods;
			sourceTree = "<group>";
		};
/* End PBXGroup section */

/* Begin PBXNativeTarget section */
		AF6A1E4324F1492300FF46FF /* ApplicationTests */ = {
			isa = PBXNativeTarget;
			buildConfigurationList = AF6A1E4B24F1492300FF46FF /* Build configuration list for PBXNativeTarget "ApplicationTests" */;
			buildPhases = (
				AF6A1E4024F1492300FF46FF /* Sources */,
				AF6A1E4124F1492300FF46FF /* Frameworks */,
				AF6A1E4224F1492300FF46FF /* Resources */,
			);
			buildRules = (
			);
			dependencies = (
				AF6A1E4A24F1492300FF46FF /* PBXTargetDependency */,
			);
			name = ApplicationTests;
			productName = ApplicationTests;
			productReference = AF6A1E4424F1492300FF46FF /* ApplicationTests.xctest */;
			productType = "com.apple.product-type.bundle.unit-test";
		};
		AF7F1FFC24E557440058FA2C /* TempoComDeusApp */ = {
			isa = PBXNativeTarget;
			buildConfigurationList = AF7F202724E557450058FA2C /* Build configuration list for PBXNativeTarget "TempoComDeusApp" */;
			buildPhases = (
				E5336D5B676C4839B611D14D /* [CP] Check Pods Manifest.lock */,
				AF7F1FF924E557440058FA2C /* Sources */,
				AF7F1FFA24E557440058FA2C /* Frameworks */,
				AF7F1FFB24E557440058FA2C /* Resources */,
				AF6A1E3D24EFF65A00FF46FF /* ShellScript */,
				9A8C041D4CC5BF529D8C6EFB /* [CP] Embed Pods Frameworks */,
			);
			buildRules = (
			);
			dependencies = (
			);
			name = TempoComDeusApp;
			productName = tempoComDeusApp;
			productReference = AF7F1FFD24E557440058FA2C /* tempo com Deus.app */;
			productType = "com.apple.product-type.application";
		};
		AFD310B224F561BB00A74E2E /* tempoComDeusUITests */ = {
			isa = PBXNativeTarget;
			buildConfigurationList = AFD310BA24F561BB00A74E2E /* Build configuration list for PBXNativeTarget "tempoComDeusUITests" */;
			buildPhases = (
				AFD310AF24F561BB00A74E2E /* Sources */,
				AFD310B024F561BB00A74E2E /* Frameworks */,
				AFD310B124F561BB00A74E2E /* Resources */,
			);
			buildRules = (
			);
			dependencies = (
				AFD310B924F561BB00A74E2E /* PBXTargetDependency */,
			);
			name = tempoComDeusUITests;
			productName = tempoComDeusUITests;
			productReference = AFD310B324F561BB00A74E2E /* tempoComDeusUITests.xctest */;
			productType = "com.apple.product-type.bundle.ui-testing";
		};
/* End PBXNativeTarget section */

/* Begin PBXProject section */
		AF7F1FF524E557440058FA2C /* Project object */ = {
			isa = PBXProject;
			attributes = {
				LastSwiftUpdateCheck = 1160;
				LastUpgradeCheck = 1200;
				ORGANIZATIONNAME = "Lidiane Gomes Barbosa";
				TargetAttributes = {
					AF6A1E4324F1492300FF46FF = {
						CreatedOnToolsVersion = 11.6;
						TestTargetID = AF7F1FFC24E557440058FA2C;
					};
					AF7F1FFC24E557440058FA2C = {
						CreatedOnToolsVersion = 11.6;
					};
					AFD310B224F561BB00A74E2E = {
						CreatedOnToolsVersion = 11.6;
						TestTargetID = AF7F1FFC24E557440058FA2C;
					};
				};
			};
			buildConfigurationList = AF7F1FF824E557440058FA2C /* Build configuration list for PBXProject "TempoComDeusApp" */;
			compatibilityVersion = "Xcode 9.3";
			developmentRegion = en;
			hasScannedForEncodings = 0;
			knownRegions = (
				en,
				Base,
			);
			mainGroup = AF7F1FF424E557440058FA2C;
			productRefGroup = AF7F1FFE24E557440058FA2C /* Products */;
			projectDirPath = "";
			projectRoot = "";
			targets = (
				AF7F1FFC24E557440058FA2C /* TempoComDeusApp */,
				AF6A1E4324F1492300FF46FF /* ApplicationTests */,
				AFD310B224F561BB00A74E2E /* tempoComDeusUITests */,
			);
		};
/* End PBXProject section */

/* Begin PBXResourcesBuildPhase section */
		AF6A1E4224F1492300FF46FF /* Resources */ = {
			isa = PBXResourcesBuildPhase;
			buildActionMask = 2147483647;
			files = (
			);
			runOnlyForDeploymentPostprocessing = 0;
		};
		AF7F1FFB24E557440058FA2C /* Resources */ = {
			isa = PBXResourcesBuildPhase;
			buildActionMask = 2147483647;
			files = (
				AF6A1E3F24EFFB0800FF46FF /* .swiftlint.yml in Resources */,
				AF22DE6824FB3D99005FAB3C /* biblia.json in Resources */,
				AF4E6C7525030FA400C53EF0 /* livrosResumo.json in Resources */,
				AF7F200D24E557450058FA2C /* LaunchScreen.storyboard in Resources */,
				AF34F41E250044A200BFAB2D /* aa.json in Resources */,
				AF7F200A24E557450058FA2C /* Assets.xcassets in Resources */,
				AF34F420250044A200BFAB2D /* nvi.json in Resources */,
				AF34F41F250044A200BFAB2D /* acf.json in Resources */,
				AFA6416E25D45DDE00C7C8AE /* delete.json in Resources */,
				AF7F200824E557440058FA2C /* Main.storyboard in Resources */,
			);
			runOnlyForDeploymentPostprocessing = 0;
		};
		AFD310B124F561BB00A74E2E /* Resources */ = {
			isa = PBXResourcesBuildPhase;
			buildActionMask = 2147483647;
			files = (
			);
			runOnlyForDeploymentPostprocessing = 0;
		};
/* End PBXResourcesBuildPhase section */

/* Begin PBXShellScriptBuildPhase section */
		9A8C041D4CC5BF529D8C6EFB /* [CP] Embed Pods Frameworks */ = {
			isa = PBXShellScriptBuildPhase;
			buildActionMask = 2147483647;
			files = (
			);
			inputFileListPaths = (
				"${PODS_ROOT}/Target Support Files/Pods-TempoComDeusApp/Pods-TempoComDeusApp-frameworks-${CONFIGURATION}-input-files.xcfilelist",
			);
			name = "[CP] Embed Pods Frameworks";
			outputFileListPaths = (
				"${PODS_ROOT}/Target Support Files/Pods-TempoComDeusApp/Pods-TempoComDeusApp-frameworks-${CONFIGURATION}-output-files.xcfilelist",
			);
			runOnlyForDeploymentPostprocessing = 0;
			shellPath = /bin/sh;
			shellScript = "\"${PODS_ROOT}/Target Support Files/Pods-TempoComDeusApp/Pods-TempoComDeusApp-frameworks.sh\"\n";
			showEnvVarsInLog = 0;
		};
		AF6A1E3D24EFF65A00FF46FF /* ShellScript */ = {
			isa = PBXShellScriptBuildPhase;
			buildActionMask = 2147483647;
			files = (
			);
			inputFileListPaths = (
			);
			inputPaths = (
			);
			outputFileListPaths = (
			);
			outputPaths = (
			);
			runOnlyForDeploymentPostprocessing = 0;
			shellPath = /bin/sh;
			shellScript = "# Type a script or drag a script file from your workspace to insert its path.\nif which \"${PODS_ROOT}/SwiftLint/swiftlint\" >/dev/null; then\n    ${PODS_ROOT}/SwiftLint/swiftlint\nelse\n    echo \"warning: SwiftLint not installed, download from https://github.com/realm/SwiftLint\"\nfi\n";
		};
		E5336D5B676C4839B611D14D /* [CP] Check Pods Manifest.lock */ = {
			isa = PBXShellScriptBuildPhase;
			buildActionMask = 2147483647;
			files = (
			);
			inputFileListPaths = (
			);
			inputPaths = (
				"${PODS_PODFILE_DIR_PATH}/Podfile.lock",
				"${PODS_ROOT}/Manifest.lock",
			);
			name = "[CP] Check Pods Manifest.lock";
			outputFileListPaths = (
			);
			outputPaths = (
				"$(DERIVED_FILE_DIR)/Pods-TempoComDeusApp-checkManifestLockResult.txt",
			);
			runOnlyForDeploymentPostprocessing = 0;
			shellPath = /bin/sh;
			shellScript = "diff \"${PODS_PODFILE_DIR_PATH}/Podfile.lock\" \"${PODS_ROOT}/Manifest.lock\" > /dev/null\nif [ $? != 0 ] ; then\n    # print error to STDERR\n    echo \"error: The sandbox is not in sync with the Podfile.lock. Run 'pod install' or update your CocoaPods installation.\" >&2\n    exit 1\nfi\n# This output is used by Xcode 'outputs' to avoid re-running this script phase.\necho \"SUCCESS\" > \"${SCRIPT_OUTPUT_FILE_0}\"\n";
			showEnvVarsInLog = 0;
		};
/* End PBXShellScriptBuildPhase section */

/* Begin PBXSourcesBuildPhase section */
		AF6A1E4024F1492300FF46FF /* Sources */ = {
			isa = PBXSourcesBuildPhase;
			buildActionMask = 2147483647;
			files = (
				AFF0F49D25CDEAD90096F713 /* TestBook.swift in Sources */,
				AFFD040B25D6A48E00FBC088 /* TestMyColors.swift in Sources */,
				AFF0F47F25CDD6F60096F713 /* TestNoteViewModel.swift in Sources */,
				AFF0F45725CD90010096F713 /* MockCoreDataStack.swift in Sources */,
				AF6A1E4724F1492300FF46FF /* ApplicationTests.swift in Sources */,
				AFF0F48825CDE1ED0096F713 /* TestNotesViewModel.swift in Sources */,
				AFF0F47625CDC4890096F713 /* TestCoreDataService.swift in Sources */,
				AFFD041425D6AB1B00FBC088 /* TestCalculator.swift in Sources */,
				AFFD042525D6AFD100FBC088 /* TestBible.swift in Sources */,
				AFF0F49825CDE7BB0096F713 /* TestBookResume.swift in Sources */,
				AFFD040225D6A2D600FBC088 /* TestVerse.swift in Sources */,
				AFFD042D25D6B71C00FBC088 /* TestChapter.swift in Sources */,
			);
			runOnlyForDeploymentPostprocessing = 0;
		};
		AF7F1FF924E557440058FA2C /* Sources */ = {
			isa = PBXSourcesBuildPhase;
			buildActionMask = 2147483647;
			files = (
				AF8D31D025CC8C2300161507 /* NoteModel.swift in Sources */,
				AFFA1D1324EC1CF400399F96 /* BibleTableViewCell.swift in Sources */,
				AF015F9825C9BEE800F6861E /* Action.swift in Sources */,
				AF3C21F9250AA46000F81685 /* DataPicker.swift in Sources */,
				AF21B47424E5D2EB00D44D39 /* NotesCollectionViewCell.swift in Sources */,
				AF8D319A25CC656300161507 /* NoteDataModel.xcdatamodeld in Sources */,
				AF8E2C4325CB1DF3008A1CC7 /* UIAlertController.swift in Sources */,
				AF16E701250996CC00F32400 /* ConfigSectionTwoTableViewCell.swift in Sources */,
				AF34F4122500331200BFAB2D /* UIView.swift in Sources */,
				AF8E2C5425CB21F1008A1CC7 /* NotesViewModel.swift in Sources */,
				AF05EA8C25DBF2D100D91FEF /* SearchControllerBooksTableView.swift in Sources */,
				AF8E2C4C25CB21D2008A1CC7 /* NoteViewModel.swift in Sources */,
				AF7F200124E557440058FA2C /* AppDelegate.swift in Sources */,
				AFC2A32224E6C70C001A266D /* ViewNoteViewController.swift in Sources */,
				AFC2A32624E87A13001A266D /* CreateAndEditNoteViewController.swift in Sources */,
				AF34F418250037D900BFAB2D /* File.swift in Sources */,
				AF7F203724E5592E0058FA2C /* MainTabBarController.swift in Sources */,
				AF4717602501B03900DDC69A /* BookResume.swift in Sources */,
				AF00490925D31AB500B37767 /* NotificationController.swift in Sources */,
				AFFEB73725056394006984B6 /* UIPickerBibliaViewController.swift in Sources */,
				AF8D318F25CC288400161507 /* Date.swift in Sources */,
				AF4A206225C8949000F6F14E /* Book.swift in Sources */,
				AF51DF8A24EDA6D4001C352D /* ChaptersTableViewCell.swift in Sources */,
				AF8E2C3B25CB1065008A1CC7 /* UserDefaultsPersistence.swift in Sources */,
				AF7F200324E557440058FA2C /* SceneDelegate.swift in Sources */,
				AF7F203524E5589C0058FA2C /* UIColor.swift in Sources */,
				AF51DF8E24EDC0B9001C352D /* BooksTableViewSections.swift in Sources */,
				AF8D319425CC3A1B00161507 /* Calculator.swift in Sources */,
				AF5D369425A5EC4E00DE3487 /* NotesCollectionDelegates.swift in Sources */,
				AFBB37162516D428004B7105 /* UITextView.swift in Sources */,
				AF5D369925A5F0C800DE3487 /* ConfigTableDelegates.swift in Sources */,
				AF1868B42506E494001731AA /* ExtensionBibliaViewController.swift in Sources */,
				AF1947C424EBF02200724B23 /* Bible.swift in Sources */,
				AFFA1D1124EC1C6B00399F96 /* BooksTableViewController.swift in Sources */,
				AF3EB88B2508432A003F988F /* ConfigViewController.swift in Sources */,
				AF16E6FF250996B600F32400 /* ConfigSectionOneTableViewCell.swift in Sources */,
				AF98FAEB25D1B10300314447 /* Verse.swift in Sources */,
				AF5D36A125A600EA00DE3487 /* BooksTableViewDelegates.swift in Sources */,
				AF98FAE625D15D1D00314447 /* ContextMenuExtension.swift in Sources */,
				AF34F4162500370A00BFAB2D /* Json.swift in Sources */,
				AF89E00D2511662600B5FEDB /* Chapter.swift in Sources */,
				AF7F203924E55B060058FA2C /* BibleViewController.swift in Sources */,
				AF34F4142500334E00BFAB2D /* MyColors.swift in Sources */,
				AF977D0225D5CD12001EAA37 /* NotesTransitionDelegates.swift in Sources */,
				AF7F203B24E55B1D0058FA2C /* NotesViewController.swift in Sources */,
				AF4717622501B25000DDC69A /* Constantes.swift in Sources */,
				AF8D31C325CC6CA100161507 /* CoreDataService.swift in Sources */,
				AFDB6D6124EEA80000F58A6D /* ChaptersCollectionViewCell.swift in Sources */,
			);
			runOnlyForDeploymentPostprocessing = 0;
		};
		AFD310AF24F561BB00A74E2E /* Sources */ = {
			isa = PBXSourcesBuildPhase;
			buildActionMask = 2147483647;
			files = (
				AFFD045125D6E40800FBC088 /* TestNoteUITests.swift in Sources */,
				AFD310B624F561BB00A74E2E /* TestBibleUITests.swift in Sources */,
				AFFD043C25D6CA3900FBC088 /* TestConfigTableView.swift in Sources */,
			);
			runOnlyForDeploymentPostprocessing = 0;
		};
/* End PBXSourcesBuildPhase section */

/* Begin PBXTargetDependency section */
		AF6A1E4A24F1492300FF46FF /* PBXTargetDependency */ = {
			isa = PBXTargetDependency;
			target = AF7F1FFC24E557440058FA2C /* TempoComDeusApp */;
			targetProxy = AF6A1E4924F1492300FF46FF /* PBXContainerItemProxy */;
		};
		AFD310B924F561BB00A74E2E /* PBXTargetDependency */ = {
			isa = PBXTargetDependency;
			target = AF7F1FFC24E557440058FA2C /* TempoComDeusApp */;
			targetProxy = AFD310B824F561BB00A74E2E /* PBXContainerItemProxy */;
		};
/* End PBXTargetDependency section */

/* Begin PBXVariantGroup section */
		AF7F200624E557440058FA2C /* Main.storyboard */ = {
			isa = PBXVariantGroup;
			children = (
				AF7F200724E557440058FA2C /* Base */,
			);
			name = Main.storyboard;
			sourceTree = "<group>";
		};
		AF7F200B24E557450058FA2C /* LaunchScreen.storyboard */ = {
			isa = PBXVariantGroup;
			children = (
				AF7F200C24E557450058FA2C /* Base */,
			);
			name = LaunchScreen.storyboard;
			sourceTree = "<group>";
		};
/* End PBXVariantGroup section */

/* Begin XCBuildConfiguration section */
		AF6A1E4C24F1492300FF46FF /* Debug */ = {
			isa = XCBuildConfiguration;
			buildSettings = {
				BUNDLE_LOADER = "$(TEST_HOST)";
				CODE_SIGN_STYLE = Automatic;
				DEVELOPMENT_TEAM = T373QFGJQA;
				INFOPLIST_FILE = ApplicationTests/Info.plist;
				LD_RUNPATH_SEARCH_PATHS = (
					"$(inherited)",
					"@executable_path/Frameworks",
					"@loader_path/Frameworks",
				);
				PRODUCT_BUNDLE_IDENTIFIER = com.lidiane.ApplicationTests;
				PRODUCT_NAME = "$(TARGET_NAME)";
				SWIFT_VERSION = 5.0;
				TARGETED_DEVICE_FAMILY = "1,2";
				TEST_HOST = "$(BUILT_PRODUCTS_DIR)/tempo com Deus.app/tempo com Deus";
			};
			name = Debug;
		};
		AF6A1E4D24F1492300FF46FF /* Release */ = {
			isa = XCBuildConfiguration;
			buildSettings = {
				BUNDLE_LOADER = "$(TEST_HOST)";
				CODE_SIGN_STYLE = Automatic;
				DEVELOPMENT_TEAM = T373QFGJQA;
				INFOPLIST_FILE = ApplicationTests/Info.plist;
				LD_RUNPATH_SEARCH_PATHS = (
					"$(inherited)",
					"@executable_path/Frameworks",
					"@loader_path/Frameworks",
				);
				PRODUCT_BUNDLE_IDENTIFIER = com.lidiane.ApplicationTests;
				PRODUCT_NAME = "$(TARGET_NAME)";
				SWIFT_VERSION = 5.0;
				TARGETED_DEVICE_FAMILY = "1,2";
				TEST_HOST = "$(BUILT_PRODUCTS_DIR)/tempo com Deus.app/tempo com Deus";
			};
			name = Release;
		};
		AF7F202524E557450058FA2C /* Debug */ = {
			isa = XCBuildConfiguration;
			buildSettings = {
				ALWAYS_SEARCH_USER_PATHS = NO;
				CLANG_ANALYZER_NONNULL = YES;
				CLANG_ANALYZER_NUMBER_OBJECT_CONVERSION = YES_AGGRESSIVE;
				CLANG_CXX_LANGUAGE_STANDARD = "gnu++14";
				CLANG_CXX_LIBRARY = "libc++";
				CLANG_ENABLE_MODULES = YES;
				CLANG_ENABLE_OBJC_ARC = YES;
				CLANG_ENABLE_OBJC_WEAK = YES;
				CLANG_WARN_BLOCK_CAPTURE_AUTORELEASING = YES;
				CLANG_WARN_BOOL_CONVERSION = YES;
				CLANG_WARN_COMMA = YES;
				CLANG_WARN_CONSTANT_CONVERSION = YES;
				CLANG_WARN_DEPRECATED_OBJC_IMPLEMENTATIONS = YES;
				CLANG_WARN_DIRECT_OBJC_ISA_USAGE = YES_ERROR;
				CLANG_WARN_DOCUMENTATION_COMMENTS = YES;
				CLANG_WARN_EMPTY_BODY = YES;
				CLANG_WARN_ENUM_CONVERSION = YES;
				CLANG_WARN_INFINITE_RECURSION = YES;
				CLANG_WARN_INT_CONVERSION = YES;
				CLANG_WARN_NON_LITERAL_NULL_CONVERSION = YES;
				CLANG_WARN_OBJC_IMPLICIT_RETAIN_SELF = YES;
				CLANG_WARN_OBJC_LITERAL_CONVERSION = YES;
				CLANG_WARN_OBJC_ROOT_CLASS = YES_ERROR;
				CLANG_WARN_QUOTED_INCLUDE_IN_FRAMEWORK_HEADER = YES;
				CLANG_WARN_RANGE_LOOP_ANALYSIS = YES;
				CLANG_WARN_STRICT_PROTOTYPES = YES;
				CLANG_WARN_SUSPICIOUS_MOVE = YES;
				CLANG_WARN_UNGUARDED_AVAILABILITY = YES_AGGRESSIVE;
				CLANG_WARN_UNREACHABLE_CODE = YES;
				CLANG_WARN__DUPLICATE_METHOD_MATCH = YES;
				COPY_PHASE_STRIP = NO;
				DEBUG_INFORMATION_FORMAT = dwarf;
				ENABLE_STRICT_OBJC_MSGSEND = YES;
				ENABLE_TESTABILITY = YES;
				GCC_C_LANGUAGE_STANDARD = gnu11;
				GCC_DYNAMIC_NO_PIC = NO;
				GCC_NO_COMMON_BLOCKS = YES;
				GCC_OPTIMIZATION_LEVEL = 0;
				GCC_PREPROCESSOR_DEFINITIONS = (
					"DEBUG=1",
					"$(inherited)",
				);
				GCC_WARN_64_TO_32_BIT_CONVERSION = YES;
				GCC_WARN_ABOUT_RETURN_TYPE = YES_ERROR;
				GCC_WARN_UNDECLARED_SELECTOR = YES;
				GCC_WARN_UNINITIALIZED_AUTOS = YES_AGGRESSIVE;
				GCC_WARN_UNUSED_FUNCTION = YES;
				GCC_WARN_UNUSED_VARIABLE = YES;
				IPHONEOS_DEPLOYMENT_TARGET = 14.1;
				MTL_ENABLE_DEBUG_INFO = INCLUDE_SOURCE;
				MTL_FAST_MATH = YES;
				ONLY_ACTIVE_ARCH = YES;
				SDKROOT = iphoneos;
				SWIFT_ACTIVE_COMPILATION_CONDITIONS = DEBUG;
				SWIFT_OPTIMIZATION_LEVEL = "-Onone";
			};
			name = Debug;
		};
		AF7F202624E557450058FA2C /* Release */ = {
			isa = XCBuildConfiguration;
			buildSettings = {
				ALWAYS_SEARCH_USER_PATHS = NO;
				CLANG_ANALYZER_NONNULL = YES;
				CLANG_ANALYZER_NUMBER_OBJECT_CONVERSION = YES_AGGRESSIVE;
				CLANG_CXX_LANGUAGE_STANDARD = "gnu++14";
				CLANG_CXX_LIBRARY = "libc++";
				CLANG_ENABLE_MODULES = YES;
				CLANG_ENABLE_OBJC_ARC = YES;
				CLANG_ENABLE_OBJC_WEAK = YES;
				CLANG_WARN_BLOCK_CAPTURE_AUTORELEASING = YES;
				CLANG_WARN_BOOL_CONVERSION = YES;
				CLANG_WARN_COMMA = YES;
				CLANG_WARN_CONSTANT_CONVERSION = YES;
				CLANG_WARN_DEPRECATED_OBJC_IMPLEMENTATIONS = YES;
				CLANG_WARN_DIRECT_OBJC_ISA_USAGE = YES_ERROR;
				CLANG_WARN_DOCUMENTATION_COMMENTS = YES;
				CLANG_WARN_EMPTY_BODY = YES;
				CLANG_WARN_ENUM_CONVERSION = YES;
				CLANG_WARN_INFINITE_RECURSION = YES;
				CLANG_WARN_INT_CONVERSION = YES;
				CLANG_WARN_NON_LITERAL_NULL_CONVERSION = YES;
				CLANG_WARN_OBJC_IMPLICIT_RETAIN_SELF = YES;
				CLANG_WARN_OBJC_LITERAL_CONVERSION = YES;
				CLANG_WARN_OBJC_ROOT_CLASS = YES_ERROR;
				CLANG_WARN_QUOTED_INCLUDE_IN_FRAMEWORK_HEADER = YES;
				CLANG_WARN_RANGE_LOOP_ANALYSIS = YES;
				CLANG_WARN_STRICT_PROTOTYPES = YES;
				CLANG_WARN_SUSPICIOUS_MOVE = YES;
				CLANG_WARN_UNGUARDED_AVAILABILITY = YES_AGGRESSIVE;
				CLANG_WARN_UNREACHABLE_CODE = YES;
				CLANG_WARN__DUPLICATE_METHOD_MATCH = YES;
				COPY_PHASE_STRIP = NO;
				DEBUG_INFORMATION_FORMAT = "dwarf-with-dsym";
				ENABLE_NS_ASSERTIONS = NO;
				ENABLE_STRICT_OBJC_MSGSEND = YES;
				GCC_C_LANGUAGE_STANDARD = gnu11;
				GCC_NO_COMMON_BLOCKS = YES;
				GCC_WARN_64_TO_32_BIT_CONVERSION = YES;
				GCC_WARN_ABOUT_RETURN_TYPE = YES_ERROR;
				GCC_WARN_UNDECLARED_SELECTOR = YES;
				GCC_WARN_UNINITIALIZED_AUTOS = YES_AGGRESSIVE;
				GCC_WARN_UNUSED_FUNCTION = YES;
				GCC_WARN_UNUSED_VARIABLE = YES;
				IPHONEOS_DEPLOYMENT_TARGET = 14.1;
				MTL_ENABLE_DEBUG_INFO = NO;
				MTL_FAST_MATH = YES;
				SDKROOT = iphoneos;
				SWIFT_COMPILATION_MODE = wholemodule;
				SWIFT_OPTIMIZATION_LEVEL = "-O";
				VALIDATE_PRODUCT = YES;
			};
			name = Release;
		};
		AF7F202824E557450058FA2C /* Debug */ = {
			isa = XCBuildConfiguration;
			baseConfigurationReference = 358E921D2685D2CE0E27706F /* Pods-TempoComDeusApp.debug.xcconfig */;
			buildSettings = {
				ASSETCATALOG_COMPILER_APPICON_NAME = AppIcon;
				CODE_SIGN_STYLE = Automatic;
				CURRENT_PROJECT_VERSION = 1.2;
				DEVELOPMENT_TEAM = T373QFGJQA;
				INFOPLIST_FILE = tempoComDeusApp/Info.plist;
				IPHONEOS_DEPLOYMENT_TARGET = 13.6;
				LD_RUNPATH_SEARCH_PATHS = (
					"$(inherited)",
					"@executable_path/Frameworks",
				);
				PRODUCT_BUNDLE_IDENTIFIER = com.lidiane.TempoComDeusApp;
				PRODUCT_NAME = "tempo com Deus";
				SWIFT_VERSION = 5.0;
				TARGETED_DEVICE_FAMILY = 1;
			};
			name = Debug;
		};
		AF7F202924E557450058FA2C /* Release */ = {
			isa = XCBuildConfiguration;
			baseConfigurationReference = F4171B03F0493A5F705E0A78 /* Pods-TempoComDeusApp.release.xcconfig */;
			buildSettings = {
				ASSETCATALOG_COMPILER_APPICON_NAME = AppIcon;
				CODE_SIGN_STYLE = Automatic;
				CURRENT_PROJECT_VERSION = 1.2;
				DEVELOPMENT_TEAM = T373QFGJQA;
				INFOPLIST_FILE = tempoComDeusApp/Info.plist;
				IPHONEOS_DEPLOYMENT_TARGET = 13.6;
				LD_RUNPATH_SEARCH_PATHS = (
					"$(inherited)",
					"@executable_path/Frameworks",
				);
				PRODUCT_BUNDLE_IDENTIFIER = com.lidiane.TempoComDeusApp;
				PRODUCT_NAME = "tempo com Deus";
				SWIFT_VERSION = 5.0;
				TARGETED_DEVICE_FAMILY = 1;
			};
			name = Release;
		};
		AFD310BB24F561BB00A74E2E /* Debug */ = {
			isa = XCBuildConfiguration;
			buildSettings = {
				CODE_SIGN_STYLE = Automatic;
				DEVELOPMENT_TEAM = T373QFGJQA;
				INFOPLIST_FILE = tempoComDeusUITests/Info.plist;
				LD_RUNPATH_SEARCH_PATHS = (
					"$(inherited)",
					"@executable_path/Frameworks",
					"@loader_path/Frameworks",
				);
				PRODUCT_BUNDLE_IDENTIFIER = com.lidiane.tempoComDeusUITests;
				PRODUCT_NAME = "$(TARGET_NAME)";
				SWIFT_VERSION = 5.0;
				TARGETED_DEVICE_FAMILY = "1,2";
				TEST_TARGET_NAME = TempoComDeusApp;
			};
			name = Debug;
		};
		AFD310BC24F561BB00A74E2E /* Release */ = {
			isa = XCBuildConfiguration;
			buildSettings = {
				CODE_SIGN_STYLE = Automatic;
				DEVELOPMENT_TEAM = T373QFGJQA;
				INFOPLIST_FILE = tempoComDeusUITests/Info.plist;
				LD_RUNPATH_SEARCH_PATHS = (
					"$(inherited)",
					"@executable_path/Frameworks",
					"@loader_path/Frameworks",
				);
				PRODUCT_BUNDLE_IDENTIFIER = com.lidiane.tempoComDeusUITests;
				PRODUCT_NAME = "$(TARGET_NAME)";
				SWIFT_VERSION = 5.0;
				TARGETED_DEVICE_FAMILY = "1,2";
				TEST_TARGET_NAME = TempoComDeusApp;
			};
			name = Release;
		};
/* End XCBuildConfiguration section */

/* Begin XCConfigurationList section */
		AF6A1E4B24F1492300FF46FF /* Build configuration list for PBXNativeTarget "ApplicationTests" */ = {
			isa = XCConfigurationList;
			buildConfigurations = (
				AF6A1E4C24F1492300FF46FF /* Debug */,
				AF6A1E4D24F1492300FF46FF /* Release */,
			);
			defaultConfigurationIsVisible = 0;
			defaultConfigurationName = Release;
		};
		AF7F1FF824E557440058FA2C /* Build configuration list for PBXProject "TempoComDeusApp" */ = {
			isa = XCConfigurationList;
			buildConfigurations = (
				AF7F202524E557450058FA2C /* Debug */,
				AF7F202624E557450058FA2C /* Release */,
			);
			defaultConfigurationIsVisible = 0;
			defaultConfigurationName = Release;
		};
		AF7F202724E557450058FA2C /* Build configuration list for PBXNativeTarget "TempoComDeusApp" */ = {
			isa = XCConfigurationList;
			buildConfigurations = (
				AF7F202824E557450058FA2C /* Debug */,
				AF7F202924E557450058FA2C /* Release */,
			);
			defaultConfigurationIsVisible = 0;
			defaultConfigurationName = Release;
		};
		AFD310BA24F561BB00A74E2E /* Build configuration list for PBXNativeTarget "tempoComDeusUITests" */ = {
			isa = XCConfigurationList;
			buildConfigurations = (
				AFD310BB24F561BB00A74E2E /* Debug */,
				AFD310BC24F561BB00A74E2E /* Release */,
			);
			defaultConfigurationIsVisible = 0;
			defaultConfigurationName = Release;
		};
/* End XCConfigurationList section */

/* Begin XCVersionGroup section */
		AF8D319825CC656300161507 /* NoteDataModel.xcdatamodeld */ = {
			isa = XCVersionGroup;
			children = (
				AF8D319925CC656300161507 /* NoteDataModel.xcdatamodel */,
			);
			currentVersion = AF8D319925CC656300161507 /* NoteDataModel.xcdatamodel */;
			path = NoteDataModel.xcdatamodeld;
			sourceTree = "<group>";
			versionGroupType = wrapper.xcdatamodel;
		};
/* End XCVersionGroup section */
	};
	rootObject = AF7F1FF524E557440058FA2C /* Project object */;
}
